// !$*UTF8*$!
{
	archiveVersion = 1;
	classes = {
	};
	objectVersion = 56;
	objects = {

/* Begin PBXBuildFile section */
		F036713B2B6CE890005DFAAC /* CourseView.swift in Sources */ = {isa = PBXBuildFile; fileRef = F036713A2B6CE890005DFAAC /* CourseView.swift */; };
		F036713D2B6CF1C7005DFAAC /* HoleView.swift in Sources */ = {isa = PBXBuildFile; fileRef = F036713C2B6CF1C7005DFAAC /* HoleView.swift */; };
		F03A50E62B70D3BD0043E487 /* NewGameUIView.swift in Sources */ = {isa = PBXBuildFile; fileRef = F03A50E52B70D3BD0043E487 /* NewGameUIView.swift */; };
		F03A50E82B70D6570043E487 /* Struct Boule.swift in Sources */ = {isa = PBXBuildFile; fileRef = F03A50E72B70D6570043E487 /* Struct Boule.swift */; };
		F03A50EA2B70E9900043E487 /* Player.swift in Sources */ = {isa = PBXBuildFile; fileRef = F03A50E92B70E9900043E487 /* Player.swift */; };
		F04BD5502B73870900701C7A /* youtubeView.swift in Sources */ = {isa = PBXBuildFile; fileRef = F04BD54F2B73870900701C7A /* youtubeView.swift */; };
		F04BD5522B73AAD100701C7A /* VideoPlayerView.swift in Sources */ = {isa = PBXBuildFile; fileRef = F04BD5512B73AAD100701C7A /* VideoPlayerView.swift */; };
		F0731D732BC7C5D300FAFFBE /* DistanceData.swift in Sources */ = {isa = PBXBuildFile; fileRef = F0731D722BC7C5D300FAFFBE /* DistanceData.swift */; };
		F0731D752BC7C60900FAFFBE /* LaMarterieCourseData.swift in Sources */ = {isa = PBXBuildFile; fileRef = F0731D742BC7C60900FAFFBE /* LaMarterieCourseData.swift */; };
		F0817C6B2B6B8A22000C4937 /* GolfDeLaMarterieApp.swift in Sources */ = {isa = PBXBuildFile; fileRef = F0817C6A2B6B8A22000C4937 /* GolfDeLaMarterieApp.swift */; };
		F0817C6D2B6B8A22000C4937 /* MainTabView.swift in Sources */ = {isa = PBXBuildFile; fileRef = F0817C6C2B6B8A22000C4937 /* MainTabView.swift */; };
		F0817C712B6B8A24000C4937 /* Assets.xcassets in Resources */ = {isa = PBXBuildFile; fileRef = F0817C702B6B8A24000C4937 /* Assets.xcassets */; };
		F0817C752B6B8A25000C4937 /* Preview Assets.xcassets in Resources */ = {isa = PBXBuildFile; fileRef = F0817C742B6B8A25000C4937 /* Preview Assets.xcassets */; };
		F0817C7F2B6B8A25000C4937 /* GolfDeLaMarterieTests.swift in Sources */ = {isa = PBXBuildFile; fileRef = F0817C7E2B6B8A25000C4937 /* GolfDeLaMarterieTests.swift */; };
		F0817C892B6B8A25000C4937 /* GolfDeLaMarterieUITests.swift in Sources */ = {isa = PBXBuildFile; fileRef = F0817C882B6B8A25000C4937 /* GolfDeLaMarterieUITests.swift */; };
		F0817C8B2B6B8A25000C4937 /* GolfDeLaMarterieUITestsLaunchTests.swift in Sources */ = {isa = PBXBuildFile; fileRef = F0817C8A2B6B8A25000C4937 /* GolfDeLaMarterieUITestsLaunchTests.swift */; };
		F0817C9B2B6B91AF000C4937 /* GPSLocation.swift in Sources */ = {isa = PBXBuildFile; fileRef = F0817C9A2B6B91AF000C4937 /* GPSLocation.swift */; };
		F0817C9D2B6B91C7000C4937 /* Hole.swift in Sources */ = {isa = PBXBuildFile; fileRef = F0817C9C2B6B91C7000C4937 /* Hole.swift */; };
		F0817CA22B6B91D5000C4937 /* StructParcours.swift in Sources */ = {isa = PBXBuildFile; fileRef = F0817C9F2B6B91D4000C4937 /* StructParcours.swift */; };
		F0817CA32B6B91D5000C4937 /* Struct Distance.swift in Sources */ = {isa = PBXBuildFile; fileRef = F0817CA02B6B91D5000C4937 /* Struct Distance.swift */; };
		F0817CA52B6B921E000C4937 /* Firebase Helper.swift in Sources */ = {isa = PBXBuildFile; fileRef = F0817CA42B6B921E000C4937 /* Firebase Helper.swift */; };
		F0817CA72B6B9BC3000C4937 /* BackgroundView.swift in Sources */ = {isa = PBXBuildFile; fileRef = F0817CA62B6B9BC3000C4937 /* BackgroundView.swift */; };
		F0817CA92B6BA181000C4937 /* ProfilView.swift in Sources */ = {isa = PBXBuildFile; fileRef = F0817CA82B6BA181000C4937 /* ProfilView.swift */; };
		F0817CAB2B6BB4EA000C4937 /* SettingView.swift in Sources */ = {isa = PBXBuildFile; fileRef = F0817CAA2B6BB4EA000C4937 /* SettingView.swift */; };
		F0A3DE732B70FCB100982303 /* NewPlayerView.swift in Sources */ = {isa = PBXBuildFile; fileRef = F0A3DE722B70FCB100982303 /* NewPlayerView.swift */; };
		F0A3DE752B712A3C00982303 /* SavedGameView.swift in Sources */ = {isa = PBXBuildFile; fileRef = F0A3DE742B712A3C00982303 /* SavedGameView.swift */; };
		F0A3DE772B712C1800982303 /* GameDetailView.swift in Sources */ = {isa = PBXBuildFile; fileRef = F0A3DE762B712C1800982303 /* GameDetailView.swift */; };
		F0A3DE792B7144A000982303 /* GaugeView.swift in Sources */ = {isa = PBXBuildFile; fileRef = F0A3DE782B7144A000982303 /* GaugeView.swift */; };
/* End PBXBuildFile section */

/* Begin PBXContainerItemProxy section */
		F0817C7B2B6B8A25000C4937 /* PBXContainerItemProxy */ = {
			isa = PBXContainerItemProxy;
			containerPortal = F0817C5F2B6B8A22000C4937 /* Project object */;
			proxyType = 1;
			remoteGlobalIDString = F0817C662B6B8A22000C4937;
			remoteInfo = GolfDeLaMarterie;
		};
		F0817C852B6B8A25000C4937 /* PBXContainerItemProxy */ = {
			isa = PBXContainerItemProxy;
			containerPortal = F0817C5F2B6B8A22000C4937 /* Project object */;
			proxyType = 1;
			remoteGlobalIDString = F0817C662B6B8A22000C4937;
			remoteInfo = GolfDeLaMarterie;
		};
/* End PBXContainerItemProxy section */

/* Begin PBXFileReference section */
		F036713A2B6CE890005DFAAC /* CourseView.swift */ = {isa = PBXFileReference; lastKnownFileType = sourcecode.swift; path = CourseView.swift; sourceTree = "<group>"; };
		F036713C2B6CF1C7005DFAAC /* HoleView.swift */ = {isa = PBXFileReference; lastKnownFileType = sourcecode.swift; path = HoleView.swift; sourceTree = "<group>"; };
		F03A50E52B70D3BD0043E487 /* NewGameUIView.swift */ = {isa = PBXFileReference; lastKnownFileType = sourcecode.swift; path = NewGameUIView.swift; sourceTree = "<group>"; };
		F03A50E72B70D6570043E487 /* Struct Boule.swift */ = {isa = PBXFileReference; lastKnownFileType = sourcecode.swift; path = "Struct Boule.swift"; sourceTree = "<group>"; };
		F03A50E92B70E9900043E487 /* Player.swift */ = {isa = PBXFileReference; lastKnownFileType = sourcecode.swift; path = Player.swift; sourceTree = "<group>"; };
		F04BD54F2B73870900701C7A /* youtubeView.swift */ = {isa = PBXFileReference; lastKnownFileType = sourcecode.swift; path = youtubeView.swift; sourceTree = "<group>"; };
		F04BD5512B73AAD100701C7A /* VideoPlayerView.swift */ = {isa = PBXFileReference; lastKnownFileType = sourcecode.swift; path = VideoPlayerView.swift; sourceTree = "<group>"; };
		F0731D722BC7C5D300FAFFBE /* DistanceData.swift */ = {isa = PBXFileReference; lastKnownFileType = sourcecode.swift; path = DistanceData.swift; sourceTree = "<group>"; };
		F0731D742BC7C60900FAFFBE /* LaMarterieCourseData.swift */ = {isa = PBXFileReference; lastKnownFileType = sourcecode.swift; path = LaMarterieCourseData.swift; sourceTree = "<group>"; };
		F0731D7C2BC7C95800FAFFBE /* GolfDeLaMarterieTests.xctestplan */ = {isa = PBXFileReference; lastKnownFileType = text; path = GolfDeLaMarterieTests.xctestplan; sourceTree = "<group>"; };
		F0817C672B6B8A22000C4937 /* GolfDeLaMarterie.app */ = {isa = PBXFileReference; explicitFileType = wrapper.application; includeInIndex = 0; path = GolfDeLaMarterie.app; sourceTree = BUILT_PRODUCTS_DIR; };
		F0817C6A2B6B8A22000C4937 /* GolfDeLaMarterieApp.swift */ = {isa = PBXFileReference; lastKnownFileType = sourcecode.swift; path = GolfDeLaMarterieApp.swift; sourceTree = "<group>"; };
		F0817C6C2B6B8A22000C4937 /* MainTabView.swift */ = {isa = PBXFileReference; lastKnownFileType = sourcecode.swift; path = MainTabView.swift; sourceTree = "<group>"; };
		F0817C702B6B8A24000C4937 /* Assets.xcassets */ = {isa = PBXFileReference; lastKnownFileType = folder.assetcatalog; path = Assets.xcassets; sourceTree = "<group>"; };
		F0817C722B6B8A25000C4937 /* GolfDeLaMarterie.entitlements */ = {isa = PBXFileReference; lastKnownFileType = text.plist.entitlements; path = GolfDeLaMarterie.entitlements; sourceTree = "<group>"; };
		F0817C742B6B8A25000C4937 /* Preview Assets.xcassets */ = {isa = PBXFileReference; lastKnownFileType = folder.assetcatalog; path = "Preview Assets.xcassets"; sourceTree = "<group>"; };
		F0817C7A2B6B8A25000C4937 /* GolfDeLaMarterieTests.xctest */ = {isa = PBXFileReference; explicitFileType = wrapper.cfbundle; includeInIndex = 0; path = GolfDeLaMarterieTests.xctest; sourceTree = BUILT_PRODUCTS_DIR; };
		F0817C7E2B6B8A25000C4937 /* GolfDeLaMarterieTests.swift */ = {isa = PBXFileReference; lastKnownFileType = sourcecode.swift; path = GolfDeLaMarterieTests.swift; sourceTree = "<group>"; };
		F0817C842B6B8A25000C4937 /* GolfDeLaMarterieUITests.xctest */ = {isa = PBXFileReference; explicitFileType = wrapper.cfbundle; includeInIndex = 0; path = GolfDeLaMarterieUITests.xctest; sourceTree = BUILT_PRODUCTS_DIR; };
		F0817C882B6B8A25000C4937 /* GolfDeLaMarterieUITests.swift */ = {isa = PBXFileReference; lastKnownFileType = sourcecode.swift; path = GolfDeLaMarterieUITests.swift; sourceTree = "<group>"; };
		F0817C8A2B6B8A25000C4937 /* GolfDeLaMarterieUITestsLaunchTests.swift */ = {isa = PBXFileReference; lastKnownFileType = sourcecode.swift; path = GolfDeLaMarterieUITestsLaunchTests.swift; sourceTree = "<group>"; };
		F0817C9A2B6B91AF000C4937 /* GPSLocation.swift */ = {isa = PBXFileReference; fileEncoding = 4; lastKnownFileType = sourcecode.swift; path = GPSLocation.swift; sourceTree = "<group>"; };
		F0817C9C2B6B91C7000C4937 /* Hole.swift */ = {isa = PBXFileReference; fileEncoding = 4; lastKnownFileType = sourcecode.swift; path = Hole.swift; sourceTree = "<group>"; };
		F0817C9F2B6B91D4000C4937 /* StructParcours.swift */ = {isa = PBXFileReference; fileEncoding = 4; lastKnownFileType = sourcecode.swift; path = StructParcours.swift; sourceTree = "<group>"; };
		F0817CA02B6B91D5000C4937 /* Struct Distance.swift */ = {isa = PBXFileReference; fileEncoding = 4; lastKnownFileType = sourcecode.swift; path = "Struct Distance.swift"; sourceTree = "<group>"; };
		F0817CA42B6B921E000C4937 /* Firebase Helper.swift */ = {isa = PBXFileReference; fileEncoding = 4; lastKnownFileType = sourcecode.swift; path = "Firebase Helper.swift"; sourceTree = "<group>"; };
		F0817CA62B6B9BC3000C4937 /* BackgroundView.swift */ = {isa = PBXFileReference; lastKnownFileType = sourcecode.swift; path = BackgroundView.swift; sourceTree = "<group>"; };
		F0817CA82B6BA181000C4937 /* ProfilView.swift */ = {isa = PBXFileReference; lastKnownFileType = sourcecode.swift; path = ProfilView.swift; sourceTree = "<group>"; };
		F0817CAA2B6BB4EA000C4937 /* SettingView.swift */ = {isa = PBXFileReference; lastKnownFileType = sourcecode.swift; path = SettingView.swift; sourceTree = "<group>"; };
		F0A3DE722B70FCB100982303 /* NewPlayerView.swift */ = {isa = PBXFileReference; lastKnownFileType = sourcecode.swift; path = NewPlayerView.swift; sourceTree = "<group>"; };
		F0A3DE742B712A3C00982303 /* SavedGameView.swift */ = {isa = PBXFileReference; lastKnownFileType = sourcecode.swift; path = SavedGameView.swift; sourceTree = "<group>"; };
		F0A3DE762B712C1800982303 /* GameDetailView.swift */ = {isa = PBXFileReference; lastKnownFileType = sourcecode.swift; path = GameDetailView.swift; sourceTree = "<group>"; };
		F0A3DE782B7144A000982303 /* GaugeView.swift */ = {isa = PBXFileReference; lastKnownFileType = sourcecode.swift; path = GaugeView.swift; sourceTree = "<group>"; };
/* End PBXFileReference section */

/* Begin PBXFrameworksBuildPhase section */
		F0817C642B6B8A22000C4937 /* Frameworks */ = {
			isa = PBXFrameworksBuildPhase;
			buildActionMask = 2147483647;
			files = (
			);
			runOnlyForDeploymentPostprocessing = 0;
		};
		F0817C772B6B8A25000C4937 /* Frameworks */ = {
			isa = PBXFrameworksBuildPhase;
			buildActionMask = 2147483647;
			files = (
			);
			runOnlyForDeploymentPostprocessing = 0;
		};
		F0817C812B6B8A25000C4937 /* Frameworks */ = {
			isa = PBXFrameworksBuildPhase;
			buildActionMask = 2147483647;
			files = (
			);
			runOnlyForDeploymentPostprocessing = 0;
		};
/* End PBXFrameworksBuildPhase section */

/* Begin PBXGroup section */
		F0731D6F2BC7C4A000FAFFBE /* Structure&Class */ = {
			isa = PBXGroup;
			children = (
				F0817CA02B6B91D5000C4937 /* Struct Distance.swift */,
				F03A50E92B70E9900043E487 /* Player.swift */,
				F0817C9C2B6B91C7000C4937 /* Hole.swift */,
				F03A50E72B70D6570043E487 /* Struct Boule.swift */,
				F0817C9F2B6B91D4000C4937 /* StructParcours.swift */,
			);
			path = "Structure&Class";
			sourceTree = "<group>";
		};
		F0731D702BC7C59700FAFFBE /* Helpers */ = {
			isa = PBXGroup;
			children = (
				F0817CA42B6B921E000C4937 /* Firebase Helper.swift */,
			);
			path = Helpers;
			sourceTree = "<group>";
		};
		F0731D712BC7C5B900FAFFBE /* Datas */ = {
			isa = PBXGroup;
			children = (
				F0731D722BC7C5D300FAFFBE /* DistanceData.swift */,
				F0817C9A2B6B91AF000C4937 /* GPSLocation.swift */,
				F0731D742BC7C60900FAFFBE /* LaMarterieCourseData.swift */,
			);
			path = Datas;
			sourceTree = "<group>";
		};
		F0817C5E2B6B8A22000C4937 = {
			isa = PBXGroup;
			children = (
				F0817C692B6B8A22000C4937 /* GolfDeLaMarterie */,
				F0817C7D2B6B8A25000C4937 /* GolfDeLaMarterieTests */,
				F0817C872B6B8A25000C4937 /* GolfDeLaMarterieUITests */,
				F0817C682B6B8A22000C4937 /* Products */,
			);
			sourceTree = "<group>";
		};
		F0817C682B6B8A22000C4937 /* Products */ = {
			isa = PBXGroup;
			children = (
				F0817C672B6B8A22000C4937 /* GolfDeLaMarterie.app */,
				F0817C7A2B6B8A25000C4937 /* GolfDeLaMarterieTests.xctest */,
				F0817C842B6B8A25000C4937 /* GolfDeLaMarterieUITests.xctest */,
			);
			name = Products;
			sourceTree = "<group>";
		};
		F0817C692B6B8A22000C4937 /* GolfDeLaMarterie */ = {
			isa = PBXGroup;
			children = (
				F0731D702BC7C59700FAFFBE /* Helpers */,
				F0731D712BC7C5B900FAFFBE /* Datas */,
				F0817C972B6B90EB000C4937 /* Model */,
				F0817C982B6B90F4000C4937 /* View */,
				F0817C992B6B90FF000C4937 /* ViewModel */,
				F0817C6A2B6B8A22000C4937 /* GolfDeLaMarterieApp.swift */,
				F0817C702B6B8A24000C4937 /* Assets.xcassets */,
				F0817C722B6B8A25000C4937 /* GolfDeLaMarterie.entitlements */,
				F0817C732B6B8A25000C4937 /* Preview Content */,
			);
			path = GolfDeLaMarterie;
			sourceTree = "<group>";
		};
		F0817C732B6B8A25000C4937 /* Preview Content */ = {
			isa = PBXGroup;
			children = (
				F0817C742B6B8A25000C4937 /* Preview Assets.xcassets */,
			);
			path = "Preview Content";
			sourceTree = "<group>";
		};
		F0817C7D2B6B8A25000C4937 /* GolfDeLaMarterieTests */ = {
			isa = PBXGroup;
			children = (
				F0731D7C2BC7C95800FAFFBE /* GolfDeLaMarterieTests.xctestplan */,
				F0817C7E2B6B8A25000C4937 /* GolfDeLaMarterieTests.swift */,
			);
			path = GolfDeLaMarterieTests;
			sourceTree = "<group>";
		};
		F0817C872B6B8A25000C4937 /* GolfDeLaMarterieUITests */ = {
			isa = PBXGroup;
			children = (
				F0817C882B6B8A25000C4937 /* GolfDeLaMarterieUITests.swift */,
				F0817C8A2B6B8A25000C4937 /* GolfDeLaMarterieUITestsLaunchTests.swift */,
			);
			path = GolfDeLaMarterieUITests;
			sourceTree = "<group>";
		};
		F0817C972B6B90EB000C4937 /* Model */ = {
			isa = PBXGroup;
			children = (
				F0731D6F2BC7C4A000FAFFBE /* Structure&Class */,
			);
			path = Model;
			sourceTree = "<group>";
		};
		F0817C982B6B90F4000C4937 /* View */ = {
			isa = PBXGroup;
			children = (
				F03A50E52B70D3BD0043E487 /* NewGameUIView.swift */,
				F036713A2B6CE890005DFAAC /* CourseView.swift */,
				F0817CAA2B6BB4EA000C4937 /* SettingView.swift */,
				F0817CA82B6BA181000C4937 /* ProfilView.swift */,
				F0817C6C2B6B8A22000C4937 /* MainTabView.swift */,
				F0A3DE722B70FCB100982303 /* NewPlayerView.swift */,
				F0A3DE742B712A3C00982303 /* SavedGameView.swift */,
				F0A3DE762B712C1800982303 /* GameDetailView.swift */,
				F04BD5512B73AAD100701C7A /* VideoPlayerView.swift */,
			);
			path = View;
			sourceTree = "<group>";
		};
		F0817C992B6B90FF000C4937 /* ViewModel */ = {
			isa = PBXGroup;
			children = (
				F0817CA62B6B9BC3000C4937 /* BackgroundView.swift */,
				F036713C2B6CF1C7005DFAAC /* HoleView.swift */,
				F0A3DE782B7144A000982303 /* GaugeView.swift */,
				F04BD54F2B73870900701C7A /* youtubeView.swift */,
			);
			path = ViewModel;
			sourceTree = "<group>";
		};
/* End PBXGroup section */

/* Begin PBXNativeTarget section */
		F0817C662B6B8A22000C4937 /* GolfDeLaMarterie */ = {
			isa = PBXNativeTarget;
			buildConfigurationList = F0817C8E2B6B8A25000C4937 /* Build configuration list for PBXNativeTarget "GolfDeLaMarterie" */;
			buildPhases = (
				F0817C632B6B8A22000C4937 /* Sources */,
				F0817C642B6B8A22000C4937 /* Frameworks */,
				F0817C652B6B8A22000C4937 /* Resources */,
			);
			buildRules = (
			);
			dependencies = (
			);
			name = GolfDeLaMarterie;
			productName = GolfDeLaMarterie;
			productReference = F0817C672B6B8A22000C4937 /* GolfDeLaMarterie.app */;
			productType = "com.apple.product-type.application";
		};
		F0817C792B6B8A25000C4937 /* GolfDeLaMarterieTests */ = {
			isa = PBXNativeTarget;
			buildConfigurationList = F0817C912B6B8A25000C4937 /* Build configuration list for PBXNativeTarget "GolfDeLaMarterieTests" */;
			buildPhases = (
				F0817C762B6B8A25000C4937 /* Sources */,
				F0817C772B6B8A25000C4937 /* Frameworks */,
				F0817C782B6B8A25000C4937 /* Resources */,
			);
			buildRules = (
			);
			dependencies = (
				F0817C7C2B6B8A25000C4937 /* PBXTargetDependency */,
			);
			name = GolfDeLaMarterieTests;
			productName = GolfDeLaMarterieTests;
			productReference = F0817C7A2B6B8A25000C4937 /* GolfDeLaMarterieTests.xctest */;
			productType = "com.apple.product-type.bundle.unit-test";
		};
		F0817C832B6B8A25000C4937 /* GolfDeLaMarterieUITests */ = {
			isa = PBXNativeTarget;
			buildConfigurationList = F0817C942B6B8A25000C4937 /* Build configuration list for PBXNativeTarget "GolfDeLaMarterieUITests" */;
			buildPhases = (
				F0817C802B6B8A25000C4937 /* Sources */,
				F0817C812B6B8A25000C4937 /* Frameworks */,
				F0817C822B6B8A25000C4937 /* Resources */,
			);
			buildRules = (
			);
			dependencies = (
				F0817C862B6B8A25000C4937 /* PBXTargetDependency */,
			);
			name = GolfDeLaMarterieUITests;
			productName = GolfDeLaMarterieUITests;
			productReference = F0817C842B6B8A25000C4937 /* GolfDeLaMarterieUITests.xctest */;
			productType = "com.apple.product-type.bundle.ui-testing";
		};
/* End PBXNativeTarget section */

/* Begin PBXProject section */
		F0817C5F2B6B8A22000C4937 /* Project object */ = {
			isa = PBXProject;
			attributes = {
				BuildIndependentTargetsInParallel = 1;
				LastSwiftUpdateCheck = 1520;
				LastUpgradeCheck = 1530;
				TargetAttributes = {
					F0817C662B6B8A22000C4937 = {
						CreatedOnToolsVersion = 15.2;
					};
					F0817C792B6B8A25000C4937 = {
						CreatedOnToolsVersion = 15.2;
						TestTargetID = F0817C662B6B8A22000C4937;
					};
					F0817C832B6B8A25000C4937 = {
						CreatedOnToolsVersion = 15.2;
						TestTargetID = F0817C662B6B8A22000C4937;
					};
				};
			};
			buildConfigurationList = F0817C622B6B8A22000C4937 /* Build configuration list for PBXProject "GolfDeLaMarterie" */;
			compatibilityVersion = "Xcode 14.0";
			developmentRegion = en;
			hasScannedForEncodings = 0;
			knownRegions = (
				en,
				Base,
			);
			mainGroup = F0817C5E2B6B8A22000C4937;
			productRefGroup = F0817C682B6B8A22000C4937 /* Products */;
			projectDirPath = "";
			projectRoot = "";
			targets = (
				F0817C662B6B8A22000C4937 /* GolfDeLaMarterie */,
				F0817C792B6B8A25000C4937 /* GolfDeLaMarterieTests */,
				F0817C832B6B8A25000C4937 /* GolfDeLaMarterieUITests */,
			);
		};
/* End PBXProject section */

/* Begin PBXResourcesBuildPhase section */
		F0817C652B6B8A22000C4937 /* Resources */ = {
			isa = PBXResourcesBuildPhase;
			buildActionMask = 2147483647;
			files = (
				F0817C752B6B8A25000C4937 /* Preview Assets.xcassets in Resources */,
				F0817C712B6B8A24000C4937 /* Assets.xcassets in Resources */,
			);
			runOnlyForDeploymentPostprocessing = 0;
		};
		F0817C782B6B8A25000C4937 /* Resources */ = {
			isa = PBXResourcesBuildPhase;
			buildActionMask = 2147483647;
			files = (
			);
			runOnlyForDeploymentPostprocessing = 0;
		};
		F0817C822B6B8A25000C4937 /* Resources */ = {
			isa = PBXResourcesBuildPhase;
			buildActionMask = 2147483647;
			files = (
			);
			runOnlyForDeploymentPostprocessing = 0;
		};
/* End PBXResourcesBuildPhase section */

/* Begin PBXSourcesBuildPhase section */
		F0817C632B6B8A22000C4937 /* Sources */ = {
			isa = PBXSourcesBuildPhase;
			buildActionMask = 2147483647;
			files = (
				F0817CA72B6B9BC3000C4937 /* BackgroundView.swift in Sources */,
				F0817CA32B6B91D5000C4937 /* Struct Distance.swift in Sources */,
				F04BD5522B73AAD100701C7A /* VideoPlayerView.swift in Sources */,
				F0817CA52B6B921E000C4937 /* Firebase Helper.swift in Sources */,
				F03A50E62B70D3BD0043E487 /* NewGameUIView.swift in Sources */,
				F03A50EA2B70E9900043E487 /* Player.swift in Sources */,
				F03A50E82B70D6570043E487 /* Struct Boule.swift in Sources */,
				F0817C9D2B6B91C7000C4937 /* Hole.swift in Sources */,
				F0817C6D2B6B8A22000C4937 /* MainTabView.swift in Sources */,
				F0A3DE732B70FCB100982303 /* NewPlayerView.swift in Sources */,
				F0A3DE792B7144A000982303 /* GaugeView.swift in Sources */,
				F0731D752BC7C60900FAFFBE /* LaMarterieCourseData.swift in Sources */,
				F04BD5502B73870900701C7A /* youtubeView.swift in Sources */,
				F0731D732BC7C5D300FAFFBE /* DistanceData.swift in Sources */,
				F036713D2B6CF1C7005DFAAC /* HoleView.swift in Sources */,
				F0817C6B2B6B8A22000C4937 /* GolfDeLaMarterieApp.swift in Sources */,
				F0817CA92B6BA181000C4937 /* ProfilView.swift in Sources */,
				F0817C9B2B6B91AF000C4937 /* GPSLocation.swift in Sources */,
				F0A3DE752B712A3C00982303 /* SavedGameView.swift in Sources */,
				F0817CA22B6B91D5000C4937 /* StructParcours.swift in Sources */,
				F0817CAB2B6BB4EA000C4937 /* SettingView.swift in Sources */,
				F036713B2B6CE890005DFAAC /* CourseView.swift in Sources */,
				F0A3DE772B712C1800982303 /* GameDetailView.swift in Sources */,
			);
			runOnlyForDeploymentPostprocessing = 0;
		};
		F0817C762B6B8A25000C4937 /* Sources */ = {
			isa = PBXSourcesBuildPhase;
			buildActionMask = 2147483647;
			files = (
				F0817C7F2B6B8A25000C4937 /* GolfDeLaMarterieTests.swift in Sources */,
			);
			runOnlyForDeploymentPostprocessing = 0;
		};
		F0817C802B6B8A25000C4937 /* Sources */ = {
			isa = PBXSourcesBuildPhase;
			buildActionMask = 2147483647;
			files = (
				F0817C892B6B8A25000C4937 /* GolfDeLaMarterieUITests.swift in Sources */,
				F0817C8B2B6B8A25000C4937 /* GolfDeLaMarterieUITestsLaunchTests.swift in Sources */,
			);
			runOnlyForDeploymentPostprocessing = 0;
		};
/* End PBXSourcesBuildPhase section */

/* Begin PBXTargetDependency section */
		F0817C7C2B6B8A25000C4937 /* PBXTargetDependency */ = {
			isa = PBXTargetDependency;
			target = F0817C662B6B8A22000C4937 /* GolfDeLaMarterie */;
			targetProxy = F0817C7B2B6B8A25000C4937 /* PBXContainerItemProxy */;
		};
		F0817C862B6B8A25000C4937 /* PBXTargetDependency */ = {
			isa = PBXTargetDependency;
			target = F0817C662B6B8A22000C4937 /* GolfDeLaMarterie */;
			targetProxy = F0817C852B6B8A25000C4937 /* PBXContainerItemProxy */;
		};
/* End PBXTargetDependency section */

/* Begin XCBuildConfiguration section */
		F0817C8C2B6B8A25000C4937 /* Debug */ = {
			isa = XCBuildConfiguration;
			buildSettings = {
				ALWAYS_SEARCH_USER_PATHS = NO;
				ASSETCATALOG_COMPILER_GENERATE_SWIFT_ASSET_SYMBOL_EXTENSIONS = YES;
				CLANG_ANALYZER_NONNULL = YES;
				CLANG_ANALYZER_NUMBER_OBJECT_CONVERSION = YES_AGGRESSIVE;
				CLANG_CXX_LANGUAGE_STANDARD = "gnu++20";
				CLANG_ENABLE_MODULES = YES;
				CLANG_ENABLE_OBJC_ARC = YES;
				CLANG_ENABLE_OBJC_WEAK = YES;
				CLANG_WARN_BLOCK_CAPTURE_AUTORELEASING = YES;
				CLANG_WARN_BOOL_CONVERSION = YES;
				CLANG_WARN_COMMA = YES;
				CLANG_WARN_CONSTANT_CONVERSION = YES;
				CLANG_WARN_DEPRECATED_OBJC_IMPLEMENTATIONS = YES;
				CLANG_WARN_DIRECT_OBJC_ISA_USAGE = YES_ERROR;
				CLANG_WARN_DOCUMENTATION_COMMENTS = YES;
				CLANG_WARN_EMPTY_BODY = YES;
				CLANG_WARN_ENUM_CONVERSION = YES;
				CLANG_WARN_INFINITE_RECURSION = YES;
				CLANG_WARN_INT_CONVERSION = YES;
				CLANG_WARN_NON_LITERAL_NULL_CONVERSION = YES;
				CLANG_WARN_OBJC_IMPLICIT_RETAIN_SELF = YES;
				CLANG_WARN_OBJC_LITERAL_CONVERSION = YES;
				CLANG_WARN_OBJC_ROOT_CLASS = YES_ERROR;
				CLANG_WARN_QUOTED_INCLUDE_IN_FRAMEWORK_HEADER = YES;
				CLANG_WARN_RANGE_LOOP_ANALYSIS = YES;
				CLANG_WARN_STRICT_PROTOTYPES = YES;
				CLANG_WARN_SUSPICIOUS_MOVE = YES;
				CLANG_WARN_UNGUARDED_AVAILABILITY = YES_AGGRESSIVE;
				CLANG_WARN_UNREACHABLE_CODE = YES;
				CLANG_WARN__DUPLICATE_METHOD_MATCH = YES;
				COPY_PHASE_STRIP = NO;
				DEAD_CODE_STRIPPING = YES;
				DEBUG_INFORMATION_FORMAT = dwarf;
				ENABLE_STRICT_OBJC_MSGSEND = YES;
				ENABLE_TESTABILITY = YES;
				ENABLE_USER_SCRIPT_SANDBOXING = YES;
				GCC_C_LANGUAGE_STANDARD = gnu17;
				GCC_DYNAMIC_NO_PIC = NO;
				GCC_NO_COMMON_BLOCKS = YES;
				GCC_OPTIMIZATION_LEVEL = 0;
				GCC_PREPROCESSOR_DEFINITIONS = (
					"DEBUG=1",
					"$(inherited)",
				);
				GCC_WARN_64_TO_32_BIT_CONVERSION = YES;
				GCC_WARN_ABOUT_RETURN_TYPE = YES_ERROR;
				GCC_WARN_UNDECLARED_SELECTOR = YES;
				GCC_WARN_UNINITIALIZED_AUTOS = YES_AGGRESSIVE;
				GCC_WARN_UNUSED_FUNCTION = YES;
				GCC_WARN_UNUSED_VARIABLE = YES;
				LOCALIZATION_PREFERS_STRING_CATALOGS = YES;
				MTL_ENABLE_DEBUG_INFO = INCLUDE_SOURCE;
				MTL_FAST_MATH = YES;
				ONLY_ACTIVE_ARCH = YES;
				SWIFT_ACTIVE_COMPILATION_CONDITIONS = "DEBUG $(inherited)";
				SWIFT_OPTIMIZATION_LEVEL = "-Onone";
			};
			name = Debug;
		};
		F0817C8D2B6B8A25000C4937 /* Release */ = {
			isa = XCBuildConfiguration;
			buildSettings = {
				ALWAYS_SEARCH_USER_PATHS = NO;
				ASSETCATALOG_COMPILER_GENERATE_SWIFT_ASSET_SYMBOL_EXTENSIONS = YES;
				CLANG_ANALYZER_NONNULL = YES;
				CLANG_ANALYZER_NUMBER_OBJECT_CONVERSION = YES_AGGRESSIVE;
				CLANG_CXX_LANGUAGE_STANDARD = "gnu++20";
				CLANG_ENABLE_MODULES = YES;
				CLANG_ENABLE_OBJC_ARC = YES;
				CLANG_ENABLE_OBJC_WEAK = YES;
				CLANG_WARN_BLOCK_CAPTURE_AUTORELEASING = YES;
				CLANG_WARN_BOOL_CONVERSION = YES;
				CLANG_WARN_COMMA = YES;
				CLANG_WARN_CONSTANT_CONVERSION = YES;
				CLANG_WARN_DEPRECATED_OBJC_IMPLEMENTATIONS = YES;
				CLANG_WARN_DIRECT_OBJC_ISA_USAGE = YES_ERROR;
				CLANG_WARN_DOCUMENTATION_COMMENTS = YES;
				CLANG_WARN_EMPTY_BODY = YES;
				CLANG_WARN_ENUM_CONVERSION = YES;
				CLANG_WARN_INFINITE_RECURSION = YES;
				CLANG_WARN_INT_CONVERSION = YES;
				CLANG_WARN_NON_LITERAL_NULL_CONVERSION = YES;
				CLANG_WARN_OBJC_IMPLICIT_RETAIN_SELF = YES;
				CLANG_WARN_OBJC_LITERAL_CONVERSION = YES;
				CLANG_WARN_OBJC_ROOT_CLASS = YES_ERROR;
				CLANG_WARN_QUOTED_INCLUDE_IN_FRAMEWORK_HEADER = YES;
				CLANG_WARN_RANGE_LOOP_ANALYSIS = YES;
				CLANG_WARN_STRICT_PROTOTYPES = YES;
				CLANG_WARN_SUSPICIOUS_MOVE = YES;
				CLANG_WARN_UNGUARDED_AVAILABILITY = YES_AGGRESSIVE;
				CLANG_WARN_UNREACHABLE_CODE = YES;
				CLANG_WARN__DUPLICATE_METHOD_MATCH = YES;
				COPY_PHASE_STRIP = NO;
				DEAD_CODE_STRIPPING = YES;
				DEBUG_INFORMATION_FORMAT = "dwarf-with-dsym";
				ENABLE_NS_ASSERTIONS = NO;
				ENABLE_STRICT_OBJC_MSGSEND = YES;
				ENABLE_USER_SCRIPT_SANDBOXING = YES;
				GCC_C_LANGUAGE_STANDARD = gnu17;
				GCC_NO_COMMON_BLOCKS = YES;
				GCC_WARN_64_TO_32_BIT_CONVERSION = YES;
				GCC_WARN_ABOUT_RETURN_TYPE = YES_ERROR;
				GCC_WARN_UNDECLARED_SELECTOR = YES;
				GCC_WARN_UNINITIALIZED_AUTOS = YES_AGGRESSIVE;
				GCC_WARN_UNUSED_FUNCTION = YES;
				GCC_WARN_UNUSED_VARIABLE = YES;
				LOCALIZATION_PREFERS_STRING_CATALOGS = YES;
				MTL_ENABLE_DEBUG_INFO = NO;
				MTL_FAST_MATH = YES;
				SWIFT_COMPILATION_MODE = wholemodule;
			};
			name = Release;
		};
		F0817C8F2B6B8A25000C4937 /* Debug */ = {
			isa = XCBuildConfiguration;
			buildSettings = {
				ASSETCATALOG_COMPILER_APPICON_NAME = AppIcon;
				ASSETCATALOG_COMPILER_GLOBAL_ACCENT_COLOR_NAME = AccentColor;
				CODE_SIGN_ENTITLEMENTS = GolfDeLaMarterie/GolfDeLaMarterie.entitlements;
				CODE_SIGN_STYLE = Automatic;
				CURRENT_PROJECT_VERSION = 1;
				DEAD_CODE_STRIPPING = YES;
				DEVELOPMENT_ASSET_PATHS = "\"GolfDeLaMarterie/Preview Content\"";
				DEVELOPMENT_TEAM = 4PACRYHD6Z;
				ENABLE_HARDENED_RUNTIME = YES;
				ENABLE_PREVIEWS = YES;
				GENERATE_INFOPLIST_FILE = YES;
				INFOPLIST_KEY_CFBundleDisplayName = "Golf de la Marterie";
				INFOPLIST_KEY_LSApplicationCategoryType = "public.app-category.sports";
				"INFOPLIST_KEY_UIApplicationSceneManifest_Generation[sdk=iphoneos*]" = YES;
				"INFOPLIST_KEY_UIApplicationSceneManifest_Generation[sdk=iphonesimulator*]" = YES;
				"INFOPLIST_KEY_UIApplicationSupportsIndirectInputEvents[sdk=iphoneos*]" = YES;
				"INFOPLIST_KEY_UIApplicationSupportsIndirectInputEvents[sdk=iphonesimulator*]" = YES;
				"INFOPLIST_KEY_UILaunchScreen_Generation[sdk=iphoneos*]" = YES;
				"INFOPLIST_KEY_UILaunchScreen_Generation[sdk=iphonesimulator*]" = YES;
				INFOPLIST_KEY_UIRequiresFullScreen = YES;
				"INFOPLIST_KEY_UIStatusBarStyle[sdk=iphoneos*]" = UIStatusBarStyleDefault;
				"INFOPLIST_KEY_UIStatusBarStyle[sdk=iphonesimulator*]" = UIStatusBarStyleDefault;
				INFOPLIST_KEY_UISupportedInterfaceOrientations = "UIInterfaceOrientationPortrait UIInterfaceOrientationPortraitUpsideDown";
				IPHONEOS_DEPLOYMENT_TARGET = 17.2;
				LD_RUNPATH_SEARCH_PATHS = "@executable_path/Frameworks";
				"LD_RUNPATH_SEARCH_PATHS[sdk=macosx*]" = "@executable_path/../Frameworks";
				MACOSX_DEPLOYMENT_TARGET = 14.0;
				MARKETING_VERSION = 1.0;
				PRODUCT_BUNDLE_IDENTIFIER = com.GolfDeLaMarterie;
				PRODUCT_NAME = "$(TARGET_NAME)";
				SDKROOT = auto;
				SUPPORTED_PLATFORMS = "iphoneos iphonesimulator macosx";
				SWIFT_EMIT_LOC_STRINGS = YES;
				SWIFT_VERSION = 5.0;
				TARGETED_DEVICE_FAMILY = "1,2";
			};
			name = Debug;
		};
		F0817C902B6B8A25000C4937 /* Release */ = {
			isa = XCBuildConfiguration;
			buildSettings = {
				ASSETCATALOG_COMPILER_APPICON_NAME = AppIcon;
				ASSETCATALOG_COMPILER_GLOBAL_ACCENT_COLOR_NAME = AccentColor;
				CODE_SIGN_ENTITLEMENTS = GolfDeLaMarterie/GolfDeLaMarterie.entitlements;
				CODE_SIGN_STYLE = Automatic;
				CURRENT_PROJECT_VERSION = 1;
				DEAD_CODE_STRIPPING = YES;
				DEVELOPMENT_ASSET_PATHS = "\"GolfDeLaMarterie/Preview Content\"";
				DEVELOPMENT_TEAM = 4PACRYHD6Z;
				ENABLE_HARDENED_RUNTIME = YES;
				ENABLE_PREVIEWS = YES;
				GENERATE_INFOPLIST_FILE = YES;
				INFOPLIST_KEY_CFBundleDisplayName = "Golf de la Marterie";
				INFOPLIST_KEY_LSApplicationCategoryType = "public.app-category.sports";
				"INFOPLIST_KEY_UIApplicationSceneManifest_Generation[sdk=iphoneos*]" = YES;
				"INFOPLIST_KEY_UIApplicationSceneManifest_Generation[sdk=iphonesimulator*]" = YES;
				"INFOPLIST_KEY_UIApplicationSupportsIndirectInputEvents[sdk=iphoneos*]" = YES;
				"INFOPLIST_KEY_UIApplicationSupportsIndirectInputEvents[sdk=iphonesimulator*]" = YES;
				"INFOPLIST_KEY_UILaunchScreen_Generation[sdk=iphoneos*]" = YES;
				"INFOPLIST_KEY_UILaunchScreen_Generation[sdk=iphonesimulator*]" = YES;
				INFOPLIST_KEY_UIRequiresFullScreen = YES;
				"INFOPLIST_KEY_UIStatusBarStyle[sdk=iphoneos*]" = UIStatusBarStyleDefault;
				"INFOPLIST_KEY_UIStatusBarStyle[sdk=iphonesimulator*]" = UIStatusBarStyleDefault;
				INFOPLIST_KEY_UISupportedInterfaceOrientations = "UIInterfaceOrientationPortrait UIInterfaceOrientationPortraitUpsideDown";
				IPHONEOS_DEPLOYMENT_TARGET = 17.2;
				LD_RUNPATH_SEARCH_PATHS = "@executable_path/Frameworks";
				"LD_RUNPATH_SEARCH_PATHS[sdk=macosx*]" = "@executable_path/../Frameworks";
				MACOSX_DEPLOYMENT_TARGET = 14.0;
				MARKETING_VERSION = 1.0;
				PRODUCT_BUNDLE_IDENTIFIER = com.GolfDeLaMarterie;
				PRODUCT_NAME = "$(TARGET_NAME)";
				SDKROOT = auto;
				SUPPORTED_PLATFORMS = "iphoneos iphonesimulator macosx";
				SWIFT_EMIT_LOC_STRINGS = YES;
				SWIFT_VERSION = 5.0;
				TARGETED_DEVICE_FAMILY = "1,2";
			};
			name = Release;
		};
		F0817C922B6B8A25000C4937 /* Debug */ = {
			isa = XCBuildConfiguration;
			buildSettings = {
				ALWAYS_EMBED_SWIFT_STANDARD_LIBRARIES = YES;
				BUNDLE_LOADER = "$(TEST_HOST)";
				CODE_SIGN_STYLE = Automatic;
				CURRENT_PROJECT_VERSION = 1;
				DEAD_CODE_STRIPPING = YES;
				DEVELOPMENT_TEAM = 4PACRYHD6Z;
				GENERATE_INFOPLIST_FILE = YES;
				IPHONEOS_DEPLOYMENT_TARGET = 17.2;
				MACOSX_DEPLOYMENT_TARGET = 14.2;
				MARKETING_VERSION = 1.0;
				PRODUCT_BUNDLE_IDENTIFIER = com.GolfDeLaMarterieTests;
				PRODUCT_NAME = "$(TARGET_NAME)";
				SDKROOT = auto;
				SUPPORTED_PLATFORMS = "iphoneos iphonesimulator macosx";
				SWIFT_EMIT_LOC_STRINGS = NO;
				SWIFT_VERSION = 5.0;
				TARGETED_DEVICE_FAMILY = "1,2";
				TEST_HOST = "$(BUILT_PRODUCTS_DIR)/GolfDeLaMarterie.app/$(BUNDLE_EXECUTABLE_FOLDER_PATH)/GolfDeLaMarterie";
			};
			name = Debug;
		};
		F0817C932B6B8A25000C4937 /* Release */ = {
			isa = XCBuildConfiguration;
			buildSettings = {
				ALWAYS_EMBED_SWIFT_STANDARD_LIBRARIES = YES;
				BUNDLE_LOADER = "$(TEST_HOST)";
				CODE_SIGN_STYLE = Automatic;
				CURRENT_PROJECT_VERSION = 1;
				DEAD_CODE_STRIPPING = YES;
				DEVELOPMENT_TEAM = 4PACRYHD6Z;
				GENERATE_INFOPLIST_FILE = YES;
				IPHONEOS_DEPLOYMENT_TARGET = 17.2;
				MACOSX_DEPLOYMENT_TARGET = 14.2;
				MARKETING_VERSION = 1.0;
				PRODUCT_BUNDLE_IDENTIFIER = com.GolfDeLaMarterieTests;
				PRODUCT_NAME = "$(TARGET_NAME)";
				SDKROOT = auto;
				SUPPORTED_PLATFORMS = "iphoneos iphonesimulator macosx";
				SWIFT_EMIT_LOC_STRINGS = NO;
				SWIFT_VERSION = 5.0;
				TARGETED_DEVICE_FAMILY = "1,2";
				TEST_HOST = "$(BUILT_PRODUCTS_DIR)/GolfDeLaMarterie.app/$(BUNDLE_EXECUTABLE_FOLDER_PATH)/GolfDeLaMarterie";
			};
			name = Release;
		};
		F0817C952B6B8A25000C4937 /* Debug */ = {
			isa = XCBuildConfiguration;
			buildSettings = {
				ALWAYS_EMBED_SWIFT_STANDARD_LIBRARIES = YES;
				CODE_SIGN_STYLE = Automatic;
				CURRENT_PROJECT_VERSION = 1;
				DEAD_CODE_STRIPPING = YES;
				DEVELOPMENT_TEAM = 4PACRYHD6Z;
				GENERATE_INFOPLIST_FILE = YES;
				IPHONEOS_DEPLOYMENT_TARGET = 17.2;
				MACOSX_DEPLOYMENT_TARGET = 14.2;
				MARKETING_VERSION = 1.0;
				PRODUCT_BUNDLE_IDENTIFIER = com.GolfDeLaMarterieUITests;
				PRODUCT_NAME = "$(TARGET_NAME)";
				SDKROOT = auto;
				SUPPORTED_PLATFORMS = "iphoneos iphonesimulator macosx";
				SWIFT_EMIT_LOC_STRINGS = NO;
				SWIFT_VERSION = 5.0;
				TARGETED_DEVICE_FAMILY = "1,2";
				TEST_TARGET_NAME = GolfDeLaMarterie;
			};
			name = Debug;
		};
		F0817C962B6B8A25000C4937 /* Release */ = {
			isa = XCBuildConfiguration;
			buildSettings = {
				ALWAYS_EMBED_SWIFT_STANDARD_LIBRARIES = YES;
				CODE_SIGN_STYLE = Automatic;
				CURRENT_PROJECT_VERSION = 1;
				DEAD_CODE_STRIPPING = YES;
				DEVELOPMENT_TEAM = 4PACRYHD6Z;
				GENERATE_INFOPLIST_FILE = YES;
				IPHONEOS_DEPLOYMENT_TARGET = 17.2;
				MACOSX_DEPLOYMENT_TARGET = 14.2;
				MARKETING_VERSION = 1.0;
				PRODUCT_BUNDLE_IDENTIFIER = com.GolfDeLaMarterieUITests;
				PRODUCT_NAME = "$(TARGET_NAME)";
				SDKROOT = auto;
				SUPPORTED_PLATFORMS = "iphoneos iphonesimulator macosx";
				SWIFT_EMIT_LOC_STRINGS = NO;
				SWIFT_VERSION = 5.0;
				TARGETED_DEVICE_FAMILY = "1,2";
				TEST_TARGET_NAME = GolfDeLaMarterie;
			};
			name = Release;
		};
/* End XCBuildConfiguration section */

/* Begin XCConfigurationList section */
		F0817C622B6B8A22000C4937 /* Build configuration list for PBXProject "GolfDeLaMarterie" */ = {
			isa = XCConfigurationList;
			buildConfigurations = (
				F0817C8C2B6B8A25000C4937 /* Debug */,
				F0817C8D2B6B8A25000C4937 /* Release */,
			);
			defaultConfigurationIsVisible = 0;
			defaultConfigurationName = Release;
		};
		F0817C8E2B6B8A25000C4937 /* Build configuration list for PBXNativeTarget "GolfDeLaMarterie" */ = {
			isa = XCConfigurationList;
			buildConfigurations = (
				F0817C8F2B6B8A25000C4937 /* Debug */,
				F0817C902B6B8A25000C4937 /* Release */,
			);
			defaultConfigurationIsVisible = 0;
			defaultConfigurationName = Release;
		};
		F0817C912B6B8A25000C4937 /* Build configuration list for PBXNativeTarget "GolfDeLaMarterieTests" */ = {
			isa = XCConfigurationList;
			buildConfigurations = (
				F0817C922B6B8A25000C4937 /* Debug */,
				F0817C932B6B8A25000C4937 /* Release */,
			);
			defaultConfigurationIsVisible = 0;
			defaultConfigurationName = Release;
		};
		F0817C942B6B8A25000C4937 /* Build configuration list for PBXNativeTarget "GolfDeLaMarterieUITests" */ = {
			isa = XCConfigurationList;
			buildConfigurations = (
				F0817C952B6B8A25000C4937 /* Debug */,
				F0817C962B6B8A25000C4937 /* Release */,
			);
			defaultConfigurationIsVisible = 0;
			defaultConfigurationName = Release;
		};
/* End XCConfigurationList section */
	};
	rootObject = F0817C5F2B6B8A22000C4937 /* Project object */;
}
