// !$*UTF8*$!
{
	archiveVersion = 1;
	classes = {
	};
	objectVersion = 60;
	objects = {

/* Begin PBXBuildFile section */
		F0238E072BDB91D500818EBE /* SignatureView.swift in Sources */ = {isa = PBXBuildFile; fileRef = F0238E062BDB91D500818EBE /* SignatureView.swift */; };
		F0238E092BDBB06400818EBE /* LeaderbordView.swift in Sources */ = {isa = PBXBuildFile; fileRef = F0238E082BDBB06400818EBE /* LeaderbordView.swift */; };
		F036713B2B6CE890005DFAAC /* CourseView.swift in Sources */ = {isa = PBXBuildFile; fileRef = F036713A2B6CE890005DFAAC /* CourseView.swift */; };
		F038E3202BD689B70024A4CD /* Friend.swift in Sources */ = {isa = PBXBuildFile; fileRef = F038E31F2BD689B70024A4CD /* Friend.swift */; };
		F03A50E62B70D3BD0043E487 /* NewGameUIView.swift in Sources */ = {isa = PBXBuildFile; fileRef = F03A50E52B70D3BD0043E487 /* NewGameUIView.swift */; };
		F03A50E82B70D6570043E487 /* StructBoule.swift in Sources */ = {isa = PBXBuildFile; fileRef = F03A50E72B70D6570043E487 /* StructBoule.swift */; };
		F03A50EA2B70E9900043E487 /* Player.swift in Sources */ = {isa = PBXBuildFile; fileRef = F03A50E92B70E9900043E487 /* Player.swift */; };
		F04B1B932BD668F900C38178 /* PreviewData.swift in Sources */ = {isa = PBXBuildFile; fileRef = F04B1B922BD668F900C38178 /* PreviewData.swift */; };
		F04B1B952BD66A8800C38178 /* SamplePlayer.swift in Sources */ = {isa = PBXBuildFile; fileRef = F04B1B942BD66A8800C38178 /* SamplePlayer.swift */; };
		F04BD5522B73AAD100701C7A /* VideoPlayerView.swift in Sources */ = {isa = PBXBuildFile; fileRef = F04BD5512B73AAD100701C7A /* VideoPlayerView.swift */; };
		F052047A2BD92D51005596C8 /* PlayerScoring.swift in Sources */ = {isa = PBXBuildFile; fileRef = F05204792BD92D51005596C8 /* PlayerScoring.swift */; };
		F0731D732BC7C5D300FAFFBE /* DistanceData.swift in Sources */ = {isa = PBXBuildFile; fileRef = F0731D722BC7C5D300FAFFBE /* DistanceData.swift */; };
		F0731D752BC7C60900FAFFBE /* LaMarterieCourseData.swift in Sources */ = {isa = PBXBuildFile; fileRef = F0731D742BC7C60900FAFFBE /* LaMarterieCourseData.swift */; };
		F0731D7E2BC927F900FAFFBE /* LiveLeaderboard.swift in Sources */ = {isa = PBXBuildFile; fileRef = F0731D7D2BC927F900FAFFBE /* LiveLeaderboard.swift */; };
		F0731D802BC9297E00FAFFBE /* LeaderBoard.swift in Sources */ = {isa = PBXBuildFile; fileRef = F0731D7F2BC9297E00FAFFBE /* LeaderBoard.swift */; };
		F0731D822BC92A4E00FAFFBE /* LeaderboardApi.swift in Sources */ = {isa = PBXBuildFile; fileRef = F0731D812BC92A4E00FAFFBE /* LeaderboardApi.swift */; };
		F0731D842BC92C0700FAFFBE /* ErrorHandling.swift in Sources */ = {isa = PBXBuildFile; fileRef = F0731D832BC92C0700FAFFBE /* ErrorHandling.swift */; };
		F0731D862BC92C8400FAFFBE /* MockLeaderBoardApi.swift in Sources */ = {isa = PBXBuildFile; fileRef = F0731D852BC92C8400FAFFBE /* MockLeaderBoardApi.swift */; };
		F0817C6B2B6B8A22000C4937 /* GolfDeLaMarterieApp.swift in Sources */ = {isa = PBXBuildFile; fileRef = F0817C6A2B6B8A22000C4937 /* GolfDeLaMarterieApp.swift */; };
		F0817C6D2B6B8A22000C4937 /* MainTabView.swift in Sources */ = {isa = PBXBuildFile; fileRef = F0817C6C2B6B8A22000C4937 /* MainTabView.swift */; };
		F0817C712B6B8A24000C4937 /* Assets.xcassets in Resources */ = {isa = PBXBuildFile; fileRef = F0817C702B6B8A24000C4937 /* Assets.xcassets */; };
		F0817C752B6B8A25000C4937 /* Preview Assets.xcassets in Resources */ = {isa = PBXBuildFile; fileRef = F0817C742B6B8A25000C4937 /* Preview Assets.xcassets */; };
		F0817C7F2B6B8A25000C4937 /* GolfDeLaMarterieTests.swift in Sources */ = {isa = PBXBuildFile; fileRef = F0817C7E2B6B8A25000C4937 /* GolfDeLaMarterieTests.swift */; };
		F0817C892B6B8A25000C4937 /* GolfDeLaMarterieUITests.swift in Sources */ = {isa = PBXBuildFile; fileRef = F0817C882B6B8A25000C4937 /* GolfDeLaMarterieUITests.swift */; };
		F0817C8B2B6B8A25000C4937 /* GolfDeLaMarterieUITestsLaunchTests.swift in Sources */ = {isa = PBXBuildFile; fileRef = F0817C8A2B6B8A25000C4937 /* GolfDeLaMarterieUITestsLaunchTests.swift */; };
		F0817C9B2B6B91AF000C4937 /* GPSLocation.swift in Sources */ = {isa = PBXBuildFile; fileRef = F0817C9A2B6B91AF000C4937 /* GPSLocation.swift */; };
		F0817C9D2B6B91C7000C4937 /* StructHole.swift in Sources */ = {isa = PBXBuildFile; fileRef = F0817C9C2B6B91C7000C4937 /* StructHole.swift */; };
		F0817CA22B6B91D5000C4937 /* StructParcours.swift in Sources */ = {isa = PBXBuildFile; fileRef = F0817C9F2B6B91D4000C4937 /* StructParcours.swift */; };
		F0817CA32B6B91D5000C4937 /* Struct Distance.swift in Sources */ = {isa = PBXBuildFile; fileRef = F0817CA02B6B91D5000C4937 /* Struct Distance.swift */; };
		F0817CA52B6B921E000C4937 /* FirebaseHelper.swift in Sources */ = {isa = PBXBuildFile; fileRef = F0817CA42B6B921E000C4937 /* FirebaseHelper.swift */; };
		F0817CA72B6B9BC3000C4937 /* BackgroundView.swift in Sources */ = {isa = PBXBuildFile; fileRef = F0817CA62B6B9BC3000C4937 /* BackgroundView.swift */; };
		F0817CA92B6BA181000C4937 /* ProfilView.swift in Sources */ = {isa = PBXBuildFile; fileRef = F0817CA82B6BA181000C4937 /* ProfilView.swift */; };
		F08F30302BD27BC200F84479 /* FirebaseAnalytics in Frameworks */ = {isa = PBXBuildFile; productRef = F08F302F2BD27BC200F84479 /* FirebaseAnalytics */; };
		F08F30322BD27BC200F84479 /* FirebaseAnalyticsOnDeviceConversion in Frameworks */ = {isa = PBXBuildFile; productRef = F08F30312BD27BC200F84479 /* FirebaseAnalyticsOnDeviceConversion */; };
		F08F30342BD27BC200F84479 /* FirebaseAnalyticsSwift in Frameworks */ = {isa = PBXBuildFile; productRef = F08F30332BD27BC200F84479 /* FirebaseAnalyticsSwift */; };
		F08F30362BD27BC200F84479 /* FirebaseAnalyticsWithoutAdIdSupport in Frameworks */ = {isa = PBXBuildFile; productRef = F08F30352BD27BC200F84479 /* FirebaseAnalyticsWithoutAdIdSupport */; };
		F08F30382BD27BC200F84479 /* FirebaseAppCheck in Frameworks */ = {isa = PBXBuildFile; productRef = F08F30372BD27BC200F84479 /* FirebaseAppCheck */; };
		F08F303A2BD27BC200F84479 /* FirebaseAuth in Frameworks */ = {isa = PBXBuildFile; productRef = F08F30392BD27BC200F84479 /* FirebaseAuth */; };
		F08F303C2BD27BC200F84479 /* FirebaseAuthCombine-Community in Frameworks */ = {isa = PBXBuildFile; productRef = F08F303B2BD27BC200F84479 /* FirebaseAuthCombine-Community */; };
		F08F303E2BD27BC200F84479 /* FirebaseCrashlytics in Frameworks */ = {isa = PBXBuildFile; productRef = F08F303D2BD27BC200F84479 /* FirebaseCrashlytics */; };
		F08F30402BD27BC200F84479 /* FirebaseDatabase in Frameworks */ = {isa = PBXBuildFile; productRef = F08F303F2BD27BC200F84479 /* FirebaseDatabase */; };
		F08F30422BD27BC200F84479 /* FirebaseDatabaseSwift in Frameworks */ = {isa = PBXBuildFile; productRef = F08F30412BD27BC200F84479 /* FirebaseDatabaseSwift */; };
		F08F30442BD27BC200F84479 /* FirebaseDynamicLinks in Frameworks */ = {isa = PBXBuildFile; productRef = F08F30432BD27BC200F84479 /* FirebaseDynamicLinks */; };
		F08F30462BD27BC200F84479 /* FirebaseFirestore in Frameworks */ = {isa = PBXBuildFile; productRef = F08F30452BD27BC200F84479 /* FirebaseFirestore */; };
		F08F30482BD27BC200F84479 /* FirebaseFirestoreCombine-Community in Frameworks */ = {isa = PBXBuildFile; productRef = F08F30472BD27BC200F84479 /* FirebaseFirestoreCombine-Community */; };
		F08F304A2BD27BC200F84479 /* FirebaseFirestoreSwift in Frameworks */ = {isa = PBXBuildFile; productRef = F08F30492BD27BC200F84479 /* FirebaseFirestoreSwift */; };
		F08F304C2BD27BC200F84479 /* FirebasePerformance in Frameworks */ = {isa = PBXBuildFile; productRef = F08F304B2BD27BC200F84479 /* FirebasePerformance */; };
		F08F304E2BD27BC200F84479 /* FirebaseStorage in Frameworks */ = {isa = PBXBuildFile; productRef = F08F304D2BD27BC200F84479 /* FirebaseStorage */; };
		F08F30502BD27BC200F84479 /* FirebaseStorageCombine-Community in Frameworks */ = {isa = PBXBuildFile; productRef = F08F304F2BD27BC200F84479 /* FirebaseStorageCombine-Community */; };
		F08F30522BD27C2000F84479 /* GoogleService-Info.plist in Resources */ = {isa = PBXBuildFile; fileRef = F08F30512BD27C2000F84479 /* GoogleService-Info.plist */; };
		F09D3AE42BCD1535008EB889 /* AVPlayer.swift in Sources */ = {isa = PBXBuildFile; fileRef = F09D3AE32BCD1535008EB889 /* AVPlayer.swift */; };
		F09D3AE62BCD225B008EB889 /* Hole1.mp4 in Resources */ = {isa = PBXBuildFile; fileRef = F09D3AE52BCD225B008EB889 /* Hole1.mp4 */; };
		F09D3AFA2BCD31CF008EB889 /* Hole14.mp4 in Resources */ = {isa = PBXBuildFile; fileRef = F09D3AE82BCD31B4008EB889 /* Hole14.mp4 */; };
		F09D3AFB2BCD31CF008EB889 /* Hole11.mp4 in Resources */ = {isa = PBXBuildFile; fileRef = F09D3AE92BCD31B5008EB889 /* Hole11.mp4 */; };
		F09D3AFC2BCD31CF008EB889 /* Hole7.mp4 in Resources */ = {isa = PBXBuildFile; fileRef = F09D3AEA2BCD31B5008EB889 /* Hole7.mp4 */; };
		F09D3AFD2BCD31CF008EB889 /* Hole4.mp4 in Resources */ = {isa = PBXBuildFile; fileRef = F09D3AEB2BCD31B6008EB889 /* Hole4.mp4 */; };
		F09D3AFE2BCD31CF008EB889 /* Overview.mp4 in Resources */ = {isa = PBXBuildFile; fileRef = F09D3AEC2BCD31B8008EB889 /* Overview.mp4 */; };
		F09D3AFF2BCD31CF008EB889 /* Hole8.mp4 in Resources */ = {isa = PBXBuildFile; fileRef = F09D3AED2BCD31BC008EB889 /* Hole8.mp4 */; };
		F09D3B002BCD31CF008EB889 /* Hole6.mp4 in Resources */ = {isa = PBXBuildFile; fileRef = F09D3AEE2BCD31BD008EB889 /* Hole6.mp4 */; };
		F09D3B012BCD31CF008EB889 /* Hole15.mp4 in Resources */ = {isa = PBXBuildFile; fileRef = F09D3AEF2BCD31BF008EB889 /* Hole15.mp4 */; };
		F09D3B022BCD31CF008EB889 /* Hole16.mp4 in Resources */ = {isa = PBXBuildFile; fileRef = F09D3AF02BCD31C2008EB889 /* Hole16.mp4 */; };
		F09D3B032BCD31CF008EB889 /* Hole10.mp4 in Resources */ = {isa = PBXBuildFile; fileRef = F09D3AF12BCD31C3008EB889 /* Hole10.mp4 */; };
		F09D3B042BCD31CF008EB889 /* Hole17.mp4 in Resources */ = {isa = PBXBuildFile; fileRef = F09D3AF22BCD31C5008EB889 /* Hole17.mp4 */; };
		F09D3B052BCD31CF008EB889 /* Hole9.mp4 in Resources */ = {isa = PBXBuildFile; fileRef = F09D3AF32BCD31C7008EB889 /* Hole9.mp4 */; };
		F09D3B062BCD31CF008EB889 /* Hole12.mp4 in Resources */ = {isa = PBXBuildFile; fileRef = F09D3AF42BCD31C8008EB889 /* Hole12.mp4 */; };
		F09D3B072BCD31CF008EB889 /* Hole2.mp4 in Resources */ = {isa = PBXBuildFile; fileRef = F09D3AF52BCD31CA008EB889 /* Hole2.mp4 */; };
		F09D3B082BCD31CF008EB889 /* Hole5.mp4 in Resources */ = {isa = PBXBuildFile; fileRef = F09D3AF62BCD31CB008EB889 /* Hole5.mp4 */; };
		F09D3B092BCD31CF008EB889 /* Hole18.mp4 in Resources */ = {isa = PBXBuildFile; fileRef = F09D3AF72BCD31CD008EB889 /* Hole18.mp4 */; };
		F09D3B0A2BCD31CF008EB889 /* Hole13.mp4 in Resources */ = {isa = PBXBuildFile; fileRef = F09D3AF82BCD31CE008EB889 /* Hole13.mp4 */; };
		F09D3B0B2BCD31CF008EB889 /* Hole3.mp4 in Resources */ = {isa = PBXBuildFile; fileRef = F09D3AF92BCD31CF008EB889 /* Hole3.mp4 */; };
		F0A3DE732B70FCB100982303 /* NewPlayerView.swift in Sources */ = {isa = PBXBuildFile; fileRef = F0A3DE722B70FCB100982303 /* NewPlayerView.swift */; };
		F0A3DE752B712A3C00982303 /* SavedGameView.swift in Sources */ = {isa = PBXBuildFile; fileRef = F0A3DE742B712A3C00982303 /* SavedGameView.swift */; };
		F0A3DE792B7144A000982303 /* GaugeView.swift in Sources */ = {isa = PBXBuildFile; fileRef = F0A3DE782B7144A000982303 /* GaugeView.swift */; };
		F0BB441B2BD8FA250051FD3A /* ScoringView.swift in Sources */ = {isa = PBXBuildFile; fileRef = F0BB441A2BD8FA250051FD3A /* ScoringView.swift */; };
		F0C89ED92BDD92DE00CA247B /* RecapScoringSwiftUIView.swift in Sources */ = {isa = PBXBuildFile; fileRef = F0C89ED82BDD92DE00CA247B /* RecapScoringSwiftUIView.swift */; };
		F0F224B72BDFC38B007E8BA2 /* Localizable.xcstrings in Resources */ = {isa = PBXBuildFile; fileRef = F0F224B62BDFC38B007E8BA2 /* Localizable.xcstrings */; };
/* End PBXBuildFile section */

/* Begin PBXContainerItemProxy section */
		F0817C7B2B6B8A25000C4937 /* PBXContainerItemProxy */ = {
			isa = PBXContainerItemProxy;
			containerPortal = F0817C5F2B6B8A22000C4937 /* Project object */;
			proxyType = 1;
			remoteGlobalIDString = F0817C662B6B8A22000C4937;
			remoteInfo = GolfDeLaMarterie;
		};
		F0817C852B6B8A25000C4937 /* PBXContainerItemProxy */ = {
			isa = PBXContainerItemProxy;
			containerPortal = F0817C5F2B6B8A22000C4937 /* Project object */;
			proxyType = 1;
			remoteGlobalIDString = F0817C662B6B8A22000C4937;
			remoteInfo = GolfDeLaMarterie;
		};
/* End PBXContainerItemProxy section */

/* Begin PBXFileReference section */
		F0238E062BDB91D500818EBE /* SignatureView.swift */ = {isa = PBXFileReference; lastKnownFileType = sourcecode.swift; path = SignatureView.swift; sourceTree = "<group>"; };
		F0238E082BDBB06400818EBE /* LeaderbordView.swift */ = {isa = PBXFileReference; fileEncoding = 4; lastKnownFileType = sourcecode.swift; path = LeaderbordView.swift; sourceTree = "<group>"; };
		F036713A2B6CE890005DFAAC /* CourseView.swift */ = {isa = PBXFileReference; lastKnownFileType = sourcecode.swift; path = CourseView.swift; sourceTree = "<group>"; };
		F038E31F2BD689B70024A4CD /* Friend.swift */ = {isa = PBXFileReference; lastKnownFileType = sourcecode.swift; path = Friend.swift; sourceTree = "<group>"; };
		F03A50E52B70D3BD0043E487 /* NewGameUIView.swift */ = {isa = PBXFileReference; lastKnownFileType = sourcecode.swift; path = NewGameUIView.swift; sourceTree = "<group>"; };
		F03A50E72B70D6570043E487 /* StructBoule.swift */ = {isa = PBXFileReference; lastKnownFileType = sourcecode.swift; path = StructBoule.swift; sourceTree = "<group>"; };
		F03A50E92B70E9900043E487 /* Player.swift */ = {isa = PBXFileReference; lastKnownFileType = sourcecode.swift; path = Player.swift; sourceTree = "<group>"; };
		F04B1B922BD668F900C38178 /* PreviewData.swift */ = {isa = PBXFileReference; lastKnownFileType = sourcecode.swift; path = PreviewData.swift; sourceTree = "<group>"; };
		F04B1B942BD66A8800C38178 /* SamplePlayer.swift */ = {isa = PBXFileReference; lastKnownFileType = sourcecode.swift; path = SamplePlayer.swift; sourceTree = "<group>"; };
		F04BD5512B73AAD100701C7A /* VideoPlayerView.swift */ = {isa = PBXFileReference; lastKnownFileType = sourcecode.swift; path = VideoPlayerView.swift; sourceTree = "<group>"; };
		F05204792BD92D51005596C8 /* PlayerScoring.swift */ = {isa = PBXFileReference; lastKnownFileType = sourcecode.swift; path = PlayerScoring.swift; sourceTree = "<group>"; };
		F0731D722BC7C5D300FAFFBE /* DistanceData.swift */ = {isa = PBXFileReference; lastKnownFileType = sourcecode.swift; path = DistanceData.swift; sourceTree = "<group>"; };
		F0731D742BC7C60900FAFFBE /* LaMarterieCourseData.swift */ = {isa = PBXFileReference; lastKnownFileType = sourcecode.swift; path = LaMarterieCourseData.swift; sourceTree = "<group>"; };
		F0731D7C2BC7C95800FAFFBE /* GolfDeLaMarterieTests.xctestplan */ = {isa = PBXFileReference; lastKnownFileType = text; path = GolfDeLaMarterieTests.xctestplan; sourceTree = "<group>"; };
		F0731D7D2BC927F900FAFFBE /* LiveLeaderboard.swift */ = {isa = PBXFileReference; lastKnownFileType = sourcecode.swift; path = LiveLeaderboard.swift; sourceTree = "<group>"; };
		F0731D7F2BC9297E00FAFFBE /* LeaderBoard.swift */ = {isa = PBXFileReference; lastKnownFileType = sourcecode.swift; path = LeaderBoard.swift; sourceTree = "<group>"; };
		F0731D812BC92A4E00FAFFBE /* LeaderboardApi.swift */ = {isa = PBXFileReference; lastKnownFileType = sourcecode.swift; path = LeaderboardApi.swift; sourceTree = "<group>"; };
		F0731D832BC92C0700FAFFBE /* ErrorHandling.swift */ = {isa = PBXFileReference; fileEncoding = 4; lastKnownFileType = sourcecode.swift; path = ErrorHandling.swift; sourceTree = "<group>"; };
		F0731D852BC92C8400FAFFBE /* MockLeaderBoardApi.swift */ = {isa = PBXFileReference; lastKnownFileType = sourcecode.swift; path = MockLeaderBoardApi.swift; sourceTree = "<group>"; };
		F0817C672B6B8A22000C4937 /* GolfDeLaMarterie.app */ = {isa = PBXFileReference; explicitFileType = wrapper.application; includeInIndex = 0; path = GolfDeLaMarterie.app; sourceTree = BUILT_PRODUCTS_DIR; };
		F0817C6A2B6B8A22000C4937 /* GolfDeLaMarterieApp.swift */ = {isa = PBXFileReference; lastKnownFileType = sourcecode.swift; path = GolfDeLaMarterieApp.swift; sourceTree = "<group>"; };
		F0817C6C2B6B8A22000C4937 /* MainTabView.swift */ = {isa = PBXFileReference; lastKnownFileType = sourcecode.swift; path = MainTabView.swift; sourceTree = "<group>"; };
		F0817C702B6B8A24000C4937 /* Assets.xcassets */ = {isa = PBXFileReference; lastKnownFileType = folder.assetcatalog; path = Assets.xcassets; sourceTree = "<group>"; };
		F0817C742B6B8A25000C4937 /* Preview Assets.xcassets */ = {isa = PBXFileReference; lastKnownFileType = folder.assetcatalog; path = "Preview Assets.xcassets"; sourceTree = "<group>"; };
		F0817C7A2B6B8A25000C4937 /* GolfDeLaMarterieTests.xctest */ = {isa = PBXFileReference; explicitFileType = wrapper.cfbundle; includeInIndex = 0; path = GolfDeLaMarterieTests.xctest; sourceTree = BUILT_PRODUCTS_DIR; };
		F0817C7E2B6B8A25000C4937 /* GolfDeLaMarterieTests.swift */ = {isa = PBXFileReference; lastKnownFileType = sourcecode.swift; path = GolfDeLaMarterieTests.swift; sourceTree = "<group>"; };
		F0817C842B6B8A25000C4937 /* GolfDeLaMarterieUITests.xctest */ = {isa = PBXFileReference; explicitFileType = wrapper.cfbundle; includeInIndex = 0; path = GolfDeLaMarterieUITests.xctest; sourceTree = BUILT_PRODUCTS_DIR; };
		F0817C882B6B8A25000C4937 /* GolfDeLaMarterieUITests.swift */ = {isa = PBXFileReference; lastKnownFileType = sourcecode.swift; path = GolfDeLaMarterieUITests.swift; sourceTree = "<group>"; };
		F0817C8A2B6B8A25000C4937 /* GolfDeLaMarterieUITestsLaunchTests.swift */ = {isa = PBXFileReference; lastKnownFileType = sourcecode.swift; path = GolfDeLaMarterieUITestsLaunchTests.swift; sourceTree = "<group>"; };
		F0817C9A2B6B91AF000C4937 /* GPSLocation.swift */ = {isa = PBXFileReference; fileEncoding = 4; lastKnownFileType = sourcecode.swift; path = GPSLocation.swift; sourceTree = "<group>"; };
		F0817C9C2B6B91C7000C4937 /* StructHole.swift */ = {isa = PBXFileReference; fileEncoding = 4; lastKnownFileType = sourcecode.swift; path = StructHole.swift; sourceTree = "<group>"; };
		F0817C9F2B6B91D4000C4937 /* StructParcours.swift */ = {isa = PBXFileReference; fileEncoding = 4; lastKnownFileType = sourcecode.swift; path = StructParcours.swift; sourceTree = "<group>"; };
		F0817CA02B6B91D5000C4937 /* Struct Distance.swift */ = {isa = PBXFileReference; fileEncoding = 4; lastKnownFileType = sourcecode.swift; path = "Struct Distance.swift"; sourceTree = "<group>"; };
		F0817CA42B6B921E000C4937 /* FirebaseHelper.swift */ = {isa = PBXFileReference; fileEncoding = 4; lastKnownFileType = sourcecode.swift; path = FirebaseHelper.swift; sourceTree = "<group>"; };
		F0817CA62B6B9BC3000C4937 /* BackgroundView.swift */ = {isa = PBXFileReference; lastKnownFileType = sourcecode.swift; path = BackgroundView.swift; sourceTree = "<group>"; };
		F0817CA82B6BA181000C4937 /* ProfilView.swift */ = {isa = PBXFileReference; lastKnownFileType = sourcecode.swift; path = ProfilView.swift; sourceTree = "<group>"; };
		F08F30512BD27C2000F84479 /* GoogleService-Info.plist */ = {isa = PBXFileReference; fileEncoding = 4; lastKnownFileType = text.plist.xml; path = "GoogleService-Info.plist"; sourceTree = "<group>"; };
		F09D3AE32BCD1535008EB889 /* AVPlayer.swift */ = {isa = PBXFileReference; lastKnownFileType = sourcecode.swift; path = AVPlayer.swift; sourceTree = "<group>"; };
		F09D3AE52BCD225B008EB889 /* Hole1.mp4 */ = {isa = PBXFileReference; lastKnownFileType = file; path = Hole1.mp4; sourceTree = "<group>"; };
		F09D3AE82BCD31B4008EB889 /* Hole14.mp4 */ = {isa = PBXFileReference; lastKnownFileType = file; path = Hole14.mp4; sourceTree = "<group>"; };
		F09D3AE92BCD31B5008EB889 /* Hole11.mp4 */ = {isa = PBXFileReference; lastKnownFileType = file; path = Hole11.mp4; sourceTree = "<group>"; };
		F09D3AEA2BCD31B5008EB889 /* Hole7.mp4 */ = {isa = PBXFileReference; lastKnownFileType = file; path = Hole7.mp4; sourceTree = "<group>"; };
		F09D3AEB2BCD31B6008EB889 /* Hole4.mp4 */ = {isa = PBXFileReference; lastKnownFileType = file; path = Hole4.mp4; sourceTree = "<group>"; };
		F09D3AEC2BCD31B8008EB889 /* Overview.mp4 */ = {isa = PBXFileReference; lastKnownFileType = file; path = Overview.mp4; sourceTree = "<group>"; };
		F09D3AED2BCD31BC008EB889 /* Hole8.mp4 */ = {isa = PBXFileReference; lastKnownFileType = file; path = Hole8.mp4; sourceTree = "<group>"; };
		F09D3AEE2BCD31BD008EB889 /* Hole6.mp4 */ = {isa = PBXFileReference; lastKnownFileType = file; path = Hole6.mp4; sourceTree = "<group>"; };
		F09D3AEF2BCD31BF008EB889 /* Hole15.mp4 */ = {isa = PBXFileReference; lastKnownFileType = file; path = Hole15.mp4; sourceTree = "<group>"; };
		F09D3AF02BCD31C2008EB889 /* Hole16.mp4 */ = {isa = PBXFileReference; lastKnownFileType = file; path = Hole16.mp4; sourceTree = "<group>"; };
		F09D3AF12BCD31C3008EB889 /* Hole10.mp4 */ = {isa = PBXFileReference; lastKnownFileType = file; path = Hole10.mp4; sourceTree = "<group>"; };
		F09D3AF22BCD31C5008EB889 /* Hole17.mp4 */ = {isa = PBXFileReference; lastKnownFileType = file; path = Hole17.mp4; sourceTree = "<group>"; };
		F09D3AF32BCD31C7008EB889 /* Hole9.mp4 */ = {isa = PBXFileReference; lastKnownFileType = file; path = Hole9.mp4; sourceTree = "<group>"; };
		F09D3AF42BCD31C8008EB889 /* Hole12.mp4 */ = {isa = PBXFileReference; lastKnownFileType = file; path = Hole12.mp4; sourceTree = "<group>"; };
		F09D3AF52BCD31CA008EB889 /* Hole2.mp4 */ = {isa = PBXFileReference; lastKnownFileType = file; path = Hole2.mp4; sourceTree = "<group>"; };
		F09D3AF62BCD31CB008EB889 /* Hole5.mp4 */ = {isa = PBXFileReference; lastKnownFileType = file; path = Hole5.mp4; sourceTree = "<group>"; };
		F09D3AF72BCD31CD008EB889 /* Hole18.mp4 */ = {isa = PBXFileReference; lastKnownFileType = file; path = Hole18.mp4; sourceTree = "<group>"; };
		F09D3AF82BCD31CE008EB889 /* Hole13.mp4 */ = {isa = PBXFileReference; lastKnownFileType = file; path = Hole13.mp4; sourceTree = "<group>"; };
		F09D3AF92BCD31CF008EB889 /* Hole3.mp4 */ = {isa = PBXFileReference; lastKnownFileType = file; path = Hole3.mp4; sourceTree = "<group>"; };
		F0A3DE722B70FCB100982303 /* NewPlayerView.swift */ = {isa = PBXFileReference; lastKnownFileType = sourcecode.swift; path = NewPlayerView.swift; sourceTree = "<group>"; };
		F0A3DE742B712A3C00982303 /* SavedGameView.swift */ = {isa = PBXFileReference; lastKnownFileType = sourcecode.swift; path = SavedGameView.swift; sourceTree = "<group>"; };
		F0A3DE782B7144A000982303 /* GaugeView.swift */ = {isa = PBXFileReference; lastKnownFileType = sourcecode.swift; path = GaugeView.swift; sourceTree = "<group>"; };
		F0BB441A2BD8FA250051FD3A /* ScoringView.swift */ = {isa = PBXFileReference; lastKnownFileType = sourcecode.swift; path = ScoringView.swift; sourceTree = "<group>"; };
		F0C89ED82BDD92DE00CA247B /* RecapScoringSwiftUIView.swift */ = {isa = PBXFileReference; lastKnownFileType = sourcecode.swift; path = RecapScoringSwiftUIView.swift; sourceTree = "<group>"; };
		F0F224B62BDFC38B007E8BA2 /* Localizable.xcstrings */ = {isa = PBXFileReference; lastKnownFileType = text.json.xcstrings; path = Localizable.xcstrings; sourceTree = "<group>"; };
/* End PBXFileReference section */

/* Begin PBXFrameworksBuildPhase section */
		F0817C642B6B8A22000C4937 /* Frameworks */ = {
			isa = PBXFrameworksBuildPhase;
			buildActionMask = 2147483647;
			files = (
				F08F30482BD27BC200F84479 /* FirebaseFirestoreCombine-Community in Frameworks */,
				F08F30422BD27BC200F84479 /* FirebaseDatabaseSwift in Frameworks */,
				F08F304C2BD27BC200F84479 /* FirebasePerformance in Frameworks */,
				F08F30442BD27BC200F84479 /* FirebaseDynamicLinks in Frameworks */,
				F08F304A2BD27BC200F84479 /* FirebaseFirestoreSwift in Frameworks */,
				F08F304E2BD27BC200F84479 /* FirebaseStorage in Frameworks */,
				F08F30502BD27BC200F84479 /* FirebaseStorageCombine-Community in Frameworks */,
				F08F30342BD27BC200F84479 /* FirebaseAnalyticsSwift in Frameworks */,
				F08F303A2BD27BC200F84479 /* FirebaseAuth in Frameworks */,
				F08F30302BD27BC200F84479 /* FirebaseAnalytics in Frameworks */,
				F08F30462BD27BC200F84479 /* FirebaseFirestore in Frameworks */,
				F08F30322BD27BC200F84479 /* FirebaseAnalyticsOnDeviceConversion in Frameworks */,
				F08F30382BD27BC200F84479 /* FirebaseAppCheck in Frameworks */,
				F08F303E2BD27BC200F84479 /* FirebaseCrashlytics in Frameworks */,
				F08F30402BD27BC200F84479 /* FirebaseDatabase in Frameworks */,
				F08F303C2BD27BC200F84479 /* FirebaseAuthCombine-Community in Frameworks */,
				F08F30362BD27BC200F84479 /* FirebaseAnalyticsWithoutAdIdSupport in Frameworks */,
			);
			runOnlyForDeploymentPostprocessing = 0;
		};
		F0817C772B6B8A25000C4937 /* Frameworks */ = {
			isa = PBXFrameworksBuildPhase;
			buildActionMask = 2147483647;
			files = (
			);
			runOnlyForDeploymentPostprocessing = 0;
		};
		F0817C812B6B8A25000C4937 /* Frameworks */ = {
			isa = PBXFrameworksBuildPhase;
			buildActionMask = 2147483647;
			files = (
			);
			runOnlyForDeploymentPostprocessing = 0;
		};
/* End PBXFrameworksBuildPhase section */

/* Begin PBXGroup section */
		F0731D702BC7C59700FAFFBE /* Helpers */ = {
			isa = PBXGroup;
			children = (
				F0731D832BC92C0700FAFFBE /* ErrorHandling.swift */,
				F0817CA42B6B921E000C4937 /* FirebaseHelper.swift */,
				F0731D852BC92C8400FAFFBE /* MockLeaderBoardApi.swift */,
				F04B1B922BD668F900C38178 /* PreviewData.swift */,
				F04B1B942BD66A8800C38178 /* SamplePlayer.swift */,
			);
			path = Helpers;
			sourceTree = "<group>";
		};
		F0817C5E2B6B8A22000C4937 = {
			isa = PBXGroup;
			children = (
				F0817C692B6B8A22000C4937 /* GolfDeLaMarterie */,
				F08F30512BD27C2000F84479 /* GoogleService-Info.plist */,
				F0F224B62BDFC38B007E8BA2 /* Localizable.xcstrings */,
				F0817C7D2B6B8A25000C4937 /* GolfDeLaMarterieTests */,
				F0817C872B6B8A25000C4937 /* GolfDeLaMarterieUITests */,
				F0817C682B6B8A22000C4937 /* Products */,
			);
			sourceTree = "<group>";
		};
		F0817C682B6B8A22000C4937 /* Products */ = {
			isa = PBXGroup;
			children = (
				F0817C672B6B8A22000C4937 /* GolfDeLaMarterie.app */,
				F0817C7A2B6B8A25000C4937 /* GolfDeLaMarterieTests.xctest */,
				F0817C842B6B8A25000C4937 /* GolfDeLaMarterieUITests.xctest */,
			);
			name = Products;
			sourceTree = "<group>";
		};
		F0817C692B6B8A22000C4937 /* GolfDeLaMarterie */ = {
			isa = PBXGroup;
			children = (
				F0F224BC2BDFE9AE007E8BA2 /* Leaderboard */,
				F0F224BB2BDFE9A2007E8BA2 /* SaveGames */,
				F0F224BA2BDFE99B007E8BA2 /* NewGame */,
				F0F224B92BDFE994007E8BA2 /* Course */,
				F0F224B82BDFE98B007E8BA2 /* Profil */,
				F0817C992B6B90FF000C4937 /* ViewModel */,
				F0731D702BC7C59700FAFFBE /* Helpers */,
				F0817C6A2B6B8A22000C4937 /* GolfDeLaMarterieApp.swift */,
				F0817C702B6B8A24000C4937 /* Assets.xcassets */,
				F0817C742B6B8A25000C4937 /* Preview Assets.xcassets */,
				F0817C6C2B6B8A22000C4937 /* MainTabView.swift */,
			);
			path = GolfDeLaMarterie;
			sourceTree = "<group>";
		};
		F0817C7D2B6B8A25000C4937 /* GolfDeLaMarterieTests */ = {
			isa = PBXGroup;
			children = (
				F0731D7C2BC7C95800FAFFBE /* GolfDeLaMarterieTests.xctestplan */,
				F0817C7E2B6B8A25000C4937 /* GolfDeLaMarterieTests.swift */,
			);
			path = GolfDeLaMarterieTests;
			sourceTree = "<group>";
		};
		F0817C872B6B8A25000C4937 /* GolfDeLaMarterieUITests */ = {
			isa = PBXGroup;
			children = (
				F0817C882B6B8A25000C4937 /* GolfDeLaMarterieUITests.swift */,
				F0817C8A2B6B8A25000C4937 /* GolfDeLaMarterieUITestsLaunchTests.swift */,
			);
			path = GolfDeLaMarterieUITests;
			sourceTree = "<group>";
		};
		F0817C992B6B90FF000C4937 /* ViewModel */ = {
			isa = PBXGroup;
			children = (
				F0817CA62B6B9BC3000C4937 /* BackgroundView.swift */,
			);
			path = ViewModel;
			sourceTree = "<group>";
		};
		F09D3AE72BCD22A3008EB889 /* Videos */ = {
			isa = PBXGroup;
			children = (
				F09D3AF52BCD31CA008EB889 /* Hole2.mp4 */,
				F09D3AF92BCD31CF008EB889 /* Hole3.mp4 */,
				F09D3AEB2BCD31B6008EB889 /* Hole4.mp4 */,
				F09D3AF62BCD31CB008EB889 /* Hole5.mp4 */,
				F09D3AEE2BCD31BD008EB889 /* Hole6.mp4 */,
				F09D3AEA2BCD31B5008EB889 /* Hole7.mp4 */,
				F09D3AED2BCD31BC008EB889 /* Hole8.mp4 */,
				F09D3AF32BCD31C7008EB889 /* Hole9.mp4 */,
				F09D3AF12BCD31C3008EB889 /* Hole10.mp4 */,
				F09D3AE92BCD31B5008EB889 /* Hole11.mp4 */,
				F09D3AF42BCD31C8008EB889 /* Hole12.mp4 */,
				F09D3AF82BCD31CE008EB889 /* Hole13.mp4 */,
				F09D3AE82BCD31B4008EB889 /* Hole14.mp4 */,
				F09D3AEF2BCD31BF008EB889 /* Hole15.mp4 */,
				F09D3AF02BCD31C2008EB889 /* Hole16.mp4 */,
				F09D3AF22BCD31C5008EB889 /* Hole17.mp4 */,
				F09D3AF72BCD31CD008EB889 /* Hole18.mp4 */,
				F09D3AEC2BCD31B8008EB889 /* Overview.mp4 */,
				F09D3AE52BCD225B008EB889 /* Hole1.mp4 */,
			);
			path = Videos;
			sourceTree = "<group>";
		};
		F0F224B82BDFE98B007E8BA2 /* Profil */ = {
			isa = PBXGroup;
			children = (
				F0F224C82BDFEBAF007E8BA2 /* Model */,
				F0F224C72BDFEBAD007E8BA2 /* View */,
				F0F224C62BDFEBAA007E8BA2 /* ViewModel */,
			);
			path = Profil;
			sourceTree = "<group>";
		};
		F0F224B92BDFE994007E8BA2 /* Course */ = {
			isa = PBXGroup;
			children = (
				F0F224C52BDFEB94007E8BA2 /* Model */,
				F0F224C42BDFEB92007E8BA2 /* View */,
				F0F224C32BDFEB8A007E8BA2 /* ViewModel */,
			);
			path = Course;
			sourceTree = "<group>";
		};
		F0F224BA2BDFE99B007E8BA2 /* NewGame */ = {
			isa = PBXGroup;
			children = (
				F0F224C12BDFEAF5007E8BA2 /* Model */,
				F0F224C02BDFEAEE007E8BA2 /* View */,
				F0F224C22BDFEAFC007E8BA2 /* ViewModel */,
			);
			path = NewGame;
			sourceTree = "<group>";
		};
		F0F224BB2BDFE9A2007E8BA2 /* SaveGames */ = {
			isa = PBXGroup;
			children = (
				F0A3DE742B712A3C00982303 /* SavedGameView.swift */,
			);
			path = SaveGames;
			sourceTree = "<group>";
		};
		F0F224BC2BDFE9AE007E8BA2 /* Leaderboard */ = {
			isa = PBXGroup;
			children = (
				F0F224BD2BDFEA74007E8BA2 /* Model */,
				F0F224BF2BDFEABA007E8BA2 /* View */,
				F0F224BE2BDFEA9B007E8BA2 /* ViewModel */,
			);
			path = Leaderboard;
			sourceTree = "<group>";
		};
		F0F224BD2BDFEA74007E8BA2 /* Model */ = {
			isa = PBXGroup;
			children = (
				F0731D7F2BC9297E00FAFFBE /* LeaderBoard.swift */,
				F0731D812BC92A4E00FAFFBE /* LeaderboardApi.swift */,
			);
			path = Model;
			sourceTree = "<group>";
		};
		F0F224BE2BDFEA9B007E8BA2 /* ViewModel */ = {
			isa = PBXGroup;
			children = (
				F0238E082BDBB06400818EBE /* LeaderbordView.swift */,
			);
			path = ViewModel;
			sourceTree = "<group>";
		};
		F0F224BF2BDFEABA007E8BA2 /* View */ = {
			isa = PBXGroup;
			children = (
				F0731D7D2BC927F900FAFFBE /* LiveLeaderboard.swift */,
			);
			path = View;
			sourceTree = "<group>";
		};
		F0F224C02BDFEAEE007E8BA2 /* View */ = {
			isa = PBXGroup;
			children = (
				F03A50E52B70D3BD0043E487 /* NewGameUIView.swift */,
				F0BB441A2BD8FA250051FD3A /* ScoringView.swift */,
			);
			path = View;
			sourceTree = "<group>";
		};
		F0F224C12BDFEAF5007E8BA2 /* Model */ = {
			isa = PBXGroup;
			children = (
				F0817C9A2B6B91AF000C4937 /* GPSLocation.swift */,
				F0731D722BC7C5D300FAFFBE /* DistanceData.swift */,
			);
			path = Model;
			sourceTree = "<group>";
		};
		F0F224C22BDFEAFC007E8BA2 /* ViewModel */ = {
			isa = PBXGroup;
			children = (
				F0C89ED82BDD92DE00CA247B /* RecapScoringSwiftUIView.swift */,
				F05204792BD92D51005596C8 /* PlayerScoring.swift */,
				F0A3DE722B70FCB100982303 /* NewPlayerView.swift */,
				F0238E062BDB91D500818EBE /* SignatureView.swift */,
			);
			path = ViewModel;
			sourceTree = "<group>";
		};
		F0F224C32BDFEB8A007E8BA2 /* ViewModel */ = {
			isa = PBXGroup;
			children = (
				F09D3AE32BCD1535008EB889 /* AVPlayer.swift */,
				F04BD5512B73AAD100701C7A /* VideoPlayerView.swift */,
			);
			path = ViewModel;
			sourceTree = "<group>";
		};
		F0F224C42BDFEB92007E8BA2 /* View */ = {
			isa = PBXGroup;
			children = (
				F036713A2B6CE890005DFAAC /* CourseView.swift */,
			);
			name = View;
			sourceTree = "<group>";
		};
		F0F224C52BDFEB94007E8BA2 /* Model */ = {
			isa = PBXGroup;
			children = (
				F03A50E72B70D6570043E487 /* StructBoule.swift */,
				F0817C9F2B6B91D4000C4937 /* StructParcours.swift */,
				F0817C9C2B6B91C7000C4937 /* StructHole.swift */,
				F0817CA02B6B91D5000C4937 /* Struct Distance.swift */,
				F09D3AE72BCD22A3008EB889 /* Videos */,
				F0731D742BC7C60900FAFFBE /* LaMarterieCourseData.swift */,
			);
			name = Model;
			sourceTree = "<group>";
		};
		F0F224C62BDFEBAA007E8BA2 /* ViewModel */ = {
			isa = PBXGroup;
			children = (
				F0A3DE782B7144A000982303 /* GaugeView.swift */,
			);
			path = ViewModel;
			sourceTree = "<group>";
		};
		F0F224C72BDFEBAD007E8BA2 /* View */ = {
			isa = PBXGroup;
			children = (
				F0817CA82B6BA181000C4937 /* ProfilView.swift */,
			);
			path = View;
			sourceTree = "<group>";
		};
		F0F224C82BDFEBAF007E8BA2 /* Model */ = {
			isa = PBXGroup;
			children = (
				F038E31F2BD689B70024A4CD /* Friend.swift */,
				F03A50E92B70E9900043E487 /* Player.swift */,
			);
			path = Model;
			sourceTree = "<group>";
		};
/* End PBXGroup section */

/* Begin PBXNativeTarget section */
		F0817C662B6B8A22000C4937 /* GolfDeLaMarterie */ = {
			isa = PBXNativeTarget;
			buildConfigurationList = F0817C8E2B6B8A25000C4937 /* Build configuration list for PBXNativeTarget "GolfDeLaMarterie" */;
			buildPhases = (
				F0817C632B6B8A22000C4937 /* Sources */,
				F0817C642B6B8A22000C4937 /* Frameworks */,
				F0817C652B6B8A22000C4937 /* Resources */,
				F0F224B02BDF8281007E8BA2 /* ShellScript */,
			);
			buildRules = (
			);
			dependencies = (
			);
			name = GolfDeLaMarterie;
			packageProductDependencies = (
				F08F302F2BD27BC200F84479 /* FirebaseAnalytics */,
				F08F30312BD27BC200F84479 /* FirebaseAnalyticsOnDeviceConversion */,
				F08F30332BD27BC200F84479 /* FirebaseAnalyticsSwift */,
				F08F30352BD27BC200F84479 /* FirebaseAnalyticsWithoutAdIdSupport */,
				F08F30372BD27BC200F84479 /* FirebaseAppCheck */,
				F08F30392BD27BC200F84479 /* FirebaseAuth */,
				F08F303B2BD27BC200F84479 /* FirebaseAuthCombine-Community */,
				F08F303D2BD27BC200F84479 /* FirebaseCrashlytics */,
				F08F303F2BD27BC200F84479 /* FirebaseDatabase */,
				F08F30412BD27BC200F84479 /* FirebaseDatabaseSwift */,
				F08F30432BD27BC200F84479 /* FirebaseDynamicLinks */,
				F08F30452BD27BC200F84479 /* FirebaseFirestore */,
				F08F30472BD27BC200F84479 /* FirebaseFirestoreCombine-Community */,
				F08F30492BD27BC200F84479 /* FirebaseFirestoreSwift */,
				F08F304B2BD27BC200F84479 /* FirebasePerformance */,
				F08F304D2BD27BC200F84479 /* FirebaseStorage */,
				F08F304F2BD27BC200F84479 /* FirebaseStorageCombine-Community */,
			);
			productName = GolfDeLaMarterie;
			productReference = F0817C672B6B8A22000C4937 /* GolfDeLaMarterie.app */;
			productType = "com.apple.product-type.application";
		};
		F0817C792B6B8A25000C4937 /* GolfDeLaMarterieTests */ = {
			isa = PBXNativeTarget;
			buildConfigurationList = F0817C912B6B8A25000C4937 /* Build configuration list for PBXNativeTarget "GolfDeLaMarterieTests" */;
			buildPhases = (
				F0817C762B6B8A25000C4937 /* Sources */,
				F0817C772B6B8A25000C4937 /* Frameworks */,
				F0817C782B6B8A25000C4937 /* Resources */,
			);
			buildRules = (
			);
			dependencies = (
				F0817C7C2B6B8A25000C4937 /* PBXTargetDependency */,
			);
			name = GolfDeLaMarterieTests;
			productName = GolfDeLaMarterieTests;
			productReference = F0817C7A2B6B8A25000C4937 /* GolfDeLaMarterieTests.xctest */;
			productType = "com.apple.product-type.bundle.unit-test";
		};
		F0817C832B6B8A25000C4937 /* GolfDeLaMarterieUITests */ = {
			isa = PBXNativeTarget;
			buildConfigurationList = F0817C942B6B8A25000C4937 /* Build configuration list for PBXNativeTarget "GolfDeLaMarterieUITests" */;
			buildPhases = (
				F0817C802B6B8A25000C4937 /* Sources */,
				F0817C812B6B8A25000C4937 /* Frameworks */,
				F0817C822B6B8A25000C4937 /* Resources */,
			);
			buildRules = (
			);
			dependencies = (
				F0817C862B6B8A25000C4937 /* PBXTargetDependency */,
			);
			name = GolfDeLaMarterieUITests;
			productName = GolfDeLaMarterieUITests;
			productReference = F0817C842B6B8A25000C4937 /* GolfDeLaMarterieUITests.xctest */;
			productType = "com.apple.product-type.bundle.ui-testing";
		};
/* End PBXNativeTarget section */

/* Begin PBXProject section */
		F0817C5F2B6B8A22000C4937 /* Project object */ = {
			isa = PBXProject;
			attributes = {
				BuildIndependentTargetsInParallel = 1;
				LastSwiftUpdateCheck = 1520;
				LastUpgradeCheck = 1530;
				TargetAttributes = {
					F0817C662B6B8A22000C4937 = {
						CreatedOnToolsVersion = 15.2;
					};
					F0817C792B6B8A25000C4937 = {
						CreatedOnToolsVersion = 15.2;
						TestTargetID = F0817C662B6B8A22000C4937;
					};
					F0817C832B6B8A25000C4937 = {
						CreatedOnToolsVersion = 15.2;
						TestTargetID = F0817C662B6B8A22000C4937;
					};
				};
			};
			buildConfigurationList = F0817C622B6B8A22000C4937 /* Build configuration list for PBXProject "GolfDeLaMarterie" */;
			compatibilityVersion = "Xcode 15.0";
			developmentRegion = fr;
			hasScannedForEncodings = 0;
			knownRegions = (
				en,
				Base,
				fr,
			);
			mainGroup = F0817C5E2B6B8A22000C4937;
			packageReferences = (
				F08F302E2BD27BC200F84479 /* XCRemoteSwiftPackageReference "firebase-ios-sdk" */,
			);
			productRefGroup = F0817C682B6B8A22000C4937 /* Products */;
			projectDirPath = "";
			projectRoot = "";
			targets = (
				F0817C662B6B8A22000C4937 /* GolfDeLaMarterie */,
				F0817C792B6B8A25000C4937 /* GolfDeLaMarterieTests */,
				F0817C832B6B8A25000C4937 /* GolfDeLaMarterieUITests */,
			);
		};
/* End PBXProject section */

/* Begin PBXResourcesBuildPhase section */
		F0817C652B6B8A22000C4937 /* Resources */ = {
			isa = PBXResourcesBuildPhase;
			buildActionMask = 2147483647;
			files = (
				F09D3AFD2BCD31CF008EB889 /* Hole4.mp4 in Resources */,
				F09D3AE62BCD225B008EB889 /* Hole1.mp4 in Resources */,
				F09D3B032BCD31CF008EB889 /* Hole10.mp4 in Resources */,
				F09D3AFE2BCD31CF008EB889 /* Overview.mp4 in Resources */,
				F09D3B062BCD31CF008EB889 /* Hole12.mp4 in Resources */,
				F08F30522BD27C2000F84479 /* GoogleService-Info.plist in Resources */,
				F0817C752B6B8A25000C4937 /* Preview Assets.xcassets in Resources */,
				F09D3B052BCD31CF008EB889 /* Hole9.mp4 in Resources */,
				F09D3AFB2BCD31CF008EB889 /* Hole11.mp4 in Resources */,
				F09D3B012BCD31CF008EB889 /* Hole15.mp4 in Resources */,
				F09D3AFA2BCD31CF008EB889 /* Hole14.mp4 in Resources */,
				F09D3B072BCD31CF008EB889 /* Hole2.mp4 in Resources */,
				F09D3B002BCD31CF008EB889 /* Hole6.mp4 in Resources */,
				F09D3B022BCD31CF008EB889 /* Hole16.mp4 in Resources */,
				F0817C712B6B8A24000C4937 /* Assets.xcassets in Resources */,
				F09D3B042BCD31CF008EB889 /* Hole17.mp4 in Resources */,
				F0F224B72BDFC38B007E8BA2 /* Localizable.xcstrings in Resources */,
				F09D3B092BCD31CF008EB889 /* Hole18.mp4 in Resources */,
				F09D3AFC2BCD31CF008EB889 /* Hole7.mp4 in Resources */,
				F09D3B0B2BCD31CF008EB889 /* Hole3.mp4 in Resources */,
				F09D3B0A2BCD31CF008EB889 /* Hole13.mp4 in Resources */,
				F09D3AFF2BCD31CF008EB889 /* Hole8.mp4 in Resources */,
				F09D3B082BCD31CF008EB889 /* Hole5.mp4 in Resources */,
			);
			runOnlyForDeploymentPostprocessing = 0;
		};
		F0817C782B6B8A25000C4937 /* Resources */ = {
			isa = PBXResourcesBuildPhase;
			buildActionMask = 2147483647;
			files = (
			);
			runOnlyForDeploymentPostprocessing = 0;
		};
		F0817C822B6B8A25000C4937 /* Resources */ = {
			isa = PBXResourcesBuildPhase;
			buildActionMask = 2147483647;
			files = (
			);
			runOnlyForDeploymentPostprocessing = 0;
		};
/* End PBXResourcesBuildPhase section */

/* Begin PBXShellScriptBuildPhase section */
		F0F224B02BDF8281007E8BA2 /* ShellScript */ = {
			isa = PBXShellScriptBuildPhase;
			buildActionMask = 8;
			files = (
			);
			inputFileListPaths = (
			);
			inputPaths = (
				"${DWARF_DSYM_FOLDER_PATH}/${DWARF_DSYM_FILE_NAME}",
				"${DWARF_DSYM_FOLDER_PATH}/${DWARF_DSYM_FILE_NAME}/Contents/Resources/DWARF/${PRODUCT_NAME}",
				"${DWARF_DSYM_FOLDER_PATH}/${DWARF_DSYM_FILE_NAME}/Contents/Info.plist",
				"$(TARGET_BUILD_DIR)/$(UNLOCALIZED_RESOURCES_FOLDER_PATH)/GoogleService-Info.plist",
				"$(TARGET_BUILD_DIR)/$(EXECUTABLE_PATH)",
			);
			outputFileListPaths = (
			);
			outputPaths = (
			);
			runOnlyForDeploymentPostprocessing = 1;
			shellPath = /bin/sh;
			shellScript = "\"${BUILD_DIR%/Build/*}/SourcePackages/checkouts/firebase-ios-sdk/Crashlytics/run\"\n";
		};
/* End PBXShellScriptBuildPhase section */

/* Begin PBXSourcesBuildPhase section */
		F0817C632B6B8A22000C4937 /* Sources */ = {
			isa = PBXSourcesBuildPhase;
			buildActionMask = 2147483647;
			files = (
				F0817CA72B6B9BC3000C4937 /* BackgroundView.swift in Sources */,
				F0817CA32B6B91D5000C4937 /* Struct Distance.swift in Sources */,
				F052047A2BD92D51005596C8 /* PlayerScoring.swift in Sources */,
				F04BD5522B73AAD100701C7A /* VideoPlayerView.swift in Sources */,
				F0817CA52B6B921E000C4937 /* FirebaseHelper.swift in Sources */,
				F03A50E62B70D3BD0043E487 /* NewGameUIView.swift in Sources */,
				F0731D7E2BC927F900FAFFBE /* LiveLeaderboard.swift in Sources */,
				F0238E092BDBB06400818EBE /* LeaderbordView.swift in Sources */,
				F03A50EA2B70E9900043E487 /* Player.swift in Sources */,
				F03A50E82B70D6570043E487 /* StructBoule.swift in Sources */,
				F0817C9D2B6B91C7000C4937 /* StructHole.swift in Sources */,
				F0817C6D2B6B8A22000C4937 /* MainTabView.swift in Sources */,
				F0731D822BC92A4E00FAFFBE /* LeaderboardApi.swift in Sources */,
				F0C89ED92BDD92DE00CA247B /* RecapScoringSwiftUIView.swift in Sources */,
				F0731D802BC9297E00FAFFBE /* LeaderBoard.swift in Sources */,
				F0A3DE732B70FCB100982303 /* NewPlayerView.swift in Sources */,
				F0A3DE792B7144A000982303 /* GaugeView.swift in Sources */,
				F0238E072BDB91D500818EBE /* SignatureView.swift in Sources */,
				F04B1B952BD66A8800C38178 /* SamplePlayer.swift in Sources */,
				F0731D752BC7C60900FAFFBE /* LaMarterieCourseData.swift in Sources */,
				F09D3AE42BCD1535008EB889 /* AVPlayer.swift in Sources */,
				F0731D732BC7C5D300FAFFBE /* DistanceData.swift in Sources */,
				F04B1B932BD668F900C38178 /* PreviewData.swift in Sources */,
				F0731D842BC92C0700FAFFBE /* ErrorHandling.swift in Sources */,
				F0817C6B2B6B8A22000C4937 /* GolfDeLaMarterieApp.swift in Sources */,
				F0731D862BC92C8400FAFFBE /* MockLeaderBoardApi.swift in Sources */,
				F0817CA92B6BA181000C4937 /* ProfilView.swift in Sources */,
				F0817C9B2B6B91AF000C4937 /* GPSLocation.swift in Sources */,
				F0A3DE752B712A3C00982303 /* SavedGameView.swift in Sources */,
				F038E3202BD689B70024A4CD /* Friend.swift in Sources */,
				F0817CA22B6B91D5000C4937 /* StructParcours.swift in Sources */,
				F0BB441B2BD8FA250051FD3A /* ScoringView.swift in Sources */,
				F036713B2B6CE890005DFAAC /* CourseView.swift in Sources */,
			);
			runOnlyForDeploymentPostprocessing = 0;
		};
		F0817C762B6B8A25000C4937 /* Sources */ = {
			isa = PBXSourcesBuildPhase;
			buildActionMask = 2147483647;
			files = (
				F0817C7F2B6B8A25000C4937 /* GolfDeLaMarterieTests.swift in Sources */,
			);
			runOnlyForDeploymentPostprocessing = 0;
		};
		F0817C802B6B8A25000C4937 /* Sources */ = {
			isa = PBXSourcesBuildPhase;
			buildActionMask = 2147483647;
			files = (
				F0817C892B6B8A25000C4937 /* GolfDeLaMarterieUITests.swift in Sources */,
				F0817C8B2B6B8A25000C4937 /* GolfDeLaMarterieUITestsLaunchTests.swift in Sources */,
			);
			runOnlyForDeploymentPostprocessing = 0;
		};
/* End PBXSourcesBuildPhase section */

/* Begin PBXTargetDependency section */
		F0817C7C2B6B8A25000C4937 /* PBXTargetDependency */ = {
			isa = PBXTargetDependency;
			target = F0817C662B6B8A22000C4937 /* GolfDeLaMarterie */;
			targetProxy = F0817C7B2B6B8A25000C4937 /* PBXContainerItemProxy */;
		};
		F0817C862B6B8A25000C4937 /* PBXTargetDependency */ = {
			isa = PBXTargetDependency;
			target = F0817C662B6B8A22000C4937 /* GolfDeLaMarterie */;
			targetProxy = F0817C852B6B8A25000C4937 /* PBXContainerItemProxy */;
		};
/* End PBXTargetDependency section */

/* Begin XCBuildConfiguration section */
		F0817C8C2B6B8A25000C4937 /* Debug */ = {
			isa = XCBuildConfiguration;
			buildSettings = {
				ALWAYS_SEARCH_USER_PATHS = NO;
				ASSETCATALOG_COMPILER_GENERATE_SWIFT_ASSET_SYMBOL_EXTENSIONS = YES;
				CLANG_ANALYZER_NONNULL = YES;
				CLANG_ANALYZER_NUMBER_OBJECT_CONVERSION = YES_AGGRESSIVE;
				CLANG_CXX_LANGUAGE_STANDARD = "gnu++20";
				CLANG_ENABLE_MODULES = YES;
				CLANG_ENABLE_OBJC_ARC = YES;
				CLANG_ENABLE_OBJC_WEAK = YES;
				CLANG_WARN_BLOCK_CAPTURE_AUTORELEASING = YES;
				CLANG_WARN_BOOL_CONVERSION = YES;
				CLANG_WARN_COMMA = YES;
				CLANG_WARN_CONSTANT_CONVERSION = YES;
				CLANG_WARN_DEPRECATED_OBJC_IMPLEMENTATIONS = YES;
				CLANG_WARN_DIRECT_OBJC_ISA_USAGE = YES_ERROR;
				CLANG_WARN_DOCUMENTATION_COMMENTS = YES;
				CLANG_WARN_EMPTY_BODY = YES;
				CLANG_WARN_ENUM_CONVERSION = YES;
				CLANG_WARN_INFINITE_RECURSION = YES;
				CLANG_WARN_INT_CONVERSION = YES;
				CLANG_WARN_NON_LITERAL_NULL_CONVERSION = YES;
				CLANG_WARN_OBJC_IMPLICIT_RETAIN_SELF = YES;
				CLANG_WARN_OBJC_LITERAL_CONVERSION = YES;
				CLANG_WARN_OBJC_ROOT_CLASS = YES_ERROR;
				CLANG_WARN_QUOTED_INCLUDE_IN_FRAMEWORK_HEADER = YES;
				CLANG_WARN_RANGE_LOOP_ANALYSIS = YES;
				CLANG_WARN_STRICT_PROTOTYPES = YES;
				CLANG_WARN_SUSPICIOUS_MOVE = YES;
				CLANG_WARN_UNGUARDED_AVAILABILITY = YES_AGGRESSIVE;
				CLANG_WARN_UNREACHABLE_CODE = YES;
				CLANG_WARN__DUPLICATE_METHOD_MATCH = YES;
				COPY_PHASE_STRIP = NO;
				DEAD_CODE_STRIPPING = YES;
				DEBUG_INFORMATION_FORMAT = "dwarf-with-dsym";
				ENABLE_STRICT_OBJC_MSGSEND = YES;
				ENABLE_TESTABILITY = YES;
				ENABLE_USER_SCRIPT_SANDBOXING = YES;
				GCC_C_LANGUAGE_STANDARD = gnu17;
				GCC_DYNAMIC_NO_PIC = NO;
				GCC_NO_COMMON_BLOCKS = YES;
				GCC_OPTIMIZATION_LEVEL = 0;
				GCC_PREPROCESSOR_DEFINITIONS = (
					"DEBUG=1",
					"$(inherited)",
				);
				GCC_WARN_64_TO_32_BIT_CONVERSION = YES;
				GCC_WARN_ABOUT_RETURN_TYPE = YES_ERROR;
				GCC_WARN_UNDECLARED_SELECTOR = YES;
				GCC_WARN_UNINITIALIZED_AUTOS = YES_AGGRESSIVE;
				GCC_WARN_UNUSED_FUNCTION = YES;
				GCC_WARN_UNUSED_VARIABLE = YES;
				IPHONEOS_DEPLOYMENT_TARGET = 17.0;
				LOCALIZATION_PREFERS_STRING_CATALOGS = YES;
				MTL_ENABLE_DEBUG_INFO = INCLUDE_SOURCE;
				MTL_FAST_MATH = YES;
				ONLY_ACTIVE_ARCH = YES;
				SWIFT_ACTIVE_COMPILATION_CONDITIONS = "DEBUG $(inherited)";
				SWIFT_OPTIMIZATION_LEVEL = "-Onone";
			};
			name = Debug;
		};
		F0817C8D2B6B8A25000C4937 /* Release */ = {
			isa = XCBuildConfiguration;
			buildSettings = {
				ALWAYS_SEARCH_USER_PATHS = NO;
				ASSETCATALOG_COMPILER_GENERATE_SWIFT_ASSET_SYMBOL_EXTENSIONS = YES;
				CLANG_ANALYZER_NONNULL = YES;
				CLANG_ANALYZER_NUMBER_OBJECT_CONVERSION = YES_AGGRESSIVE;
				CLANG_CXX_LANGUAGE_STANDARD = "gnu++20";
				CLANG_ENABLE_MODULES = YES;
				CLANG_ENABLE_OBJC_ARC = YES;
				CLANG_ENABLE_OBJC_WEAK = YES;
				CLANG_WARN_BLOCK_CAPTURE_AUTORELEASING = YES;
				CLANG_WARN_BOOL_CONVERSION = YES;
				CLANG_WARN_COMMA = YES;
				CLANG_WARN_CONSTANT_CONVERSION = YES;
				CLANG_WARN_DEPRECATED_OBJC_IMPLEMENTATIONS = YES;
				CLANG_WARN_DIRECT_OBJC_ISA_USAGE = YES_ERROR;
				CLANG_WARN_DOCUMENTATION_COMMENTS = YES;
				CLANG_WARN_EMPTY_BODY = YES;
				CLANG_WARN_ENUM_CONVERSION = YES;
				CLANG_WARN_INFINITE_RECURSION = YES;
				CLANG_WARN_INT_CONVERSION = YES;
				CLANG_WARN_NON_LITERAL_NULL_CONVERSION = YES;
				CLANG_WARN_OBJC_IMPLICIT_RETAIN_SELF = YES;
				CLANG_WARN_OBJC_LITERAL_CONVERSION = YES;
				CLANG_WARN_OBJC_ROOT_CLASS = YES_ERROR;
				CLANG_WARN_QUOTED_INCLUDE_IN_FRAMEWORK_HEADER = YES;
				CLANG_WARN_RANGE_LOOP_ANALYSIS = YES;
				CLANG_WARN_STRICT_PROTOTYPES = YES;
				CLANG_WARN_SUSPICIOUS_MOVE = YES;
				CLANG_WARN_UNGUARDED_AVAILABILITY = YES_AGGRESSIVE;
				CLANG_WARN_UNREACHABLE_CODE = YES;
				CLANG_WARN__DUPLICATE_METHOD_MATCH = YES;
				COPY_PHASE_STRIP = NO;
				DEAD_CODE_STRIPPING = YES;
				DEBUG_INFORMATION_FORMAT = "dwarf-with-dsym";
				ENABLE_NS_ASSERTIONS = NO;
				ENABLE_STRICT_OBJC_MSGSEND = YES;
				ENABLE_USER_SCRIPT_SANDBOXING = YES;
				GCC_C_LANGUAGE_STANDARD = gnu17;
				GCC_NO_COMMON_BLOCKS = YES;
				GCC_WARN_64_TO_32_BIT_CONVERSION = YES;
				GCC_WARN_ABOUT_RETURN_TYPE = YES_ERROR;
				GCC_WARN_UNDECLARED_SELECTOR = YES;
				GCC_WARN_UNINITIALIZED_AUTOS = YES_AGGRESSIVE;
				GCC_WARN_UNUSED_FUNCTION = YES;
				GCC_WARN_UNUSED_VARIABLE = YES;
				IPHONEOS_DEPLOYMENT_TARGET = 17.0;
				LOCALIZATION_PREFERS_STRING_CATALOGS = YES;
				MTL_ENABLE_DEBUG_INFO = NO;
				MTL_FAST_MATH = YES;
				SWIFT_COMPILATION_MODE = wholemodule;
			};
			name = Release;
		};
		F0817C8F2B6B8A25000C4937 /* Debug */ = {
			isa = XCBuildConfiguration;
			buildSettings = {
				ASSETCATALOG_COMPILER_APPICON_NAME = AppIcon;
				ASSETCATALOG_COMPILER_GLOBAL_ACCENT_COLOR_NAME = AccentColor;
				CODE_SIGN_ENTITLEMENTS = GolfDeLaMarterie/GolfDeLaMarterie.entitlements;
				CODE_SIGN_STYLE = Automatic;
				CURRENT_PROJECT_VERSION = 1;
				DEAD_CODE_STRIPPING = YES;
				DEBUG_INFORMATION_FORMAT = "dwarf-with-dsym";
				DEVELOPMENT_ASSET_PATHS = "";
				DEVELOPMENT_TEAM = 4PACRYHD6Z;
				ENABLE_HARDENED_RUNTIME = YES;
				ENABLE_PREVIEWS = YES;
				GENERATE_INFOPLIST_FILE = YES;
				INFOPLIST_KEY_CFBundleDisplayName = "Golf de la Marterie";
				INFOPLIST_KEY_LSApplicationCategoryType = "public.app-category.sports";
				"INFOPLIST_KEY_UIApplicationSceneManifest_Generation[sdk=iphoneos*]" = YES;
				"INFOPLIST_KEY_UIApplicationSceneManifest_Generation[sdk=iphonesimulator*]" = YES;
				"INFOPLIST_KEY_UIApplicationSupportsIndirectInputEvents[sdk=iphoneos*]" = YES;
				"INFOPLIST_KEY_UIApplicationSupportsIndirectInputEvents[sdk=iphonesimulator*]" = YES;
				"INFOPLIST_KEY_UILaunchScreen_Generation[sdk=iphoneos*]" = YES;
				"INFOPLIST_KEY_UILaunchScreen_Generation[sdk=iphonesimulator*]" = YES;
				INFOPLIST_KEY_UIRequiresFullScreen = YES;
				"INFOPLIST_KEY_UIStatusBarStyle[sdk=iphoneos*]" = UIStatusBarStyleDefault;
				"INFOPLIST_KEY_UIStatusBarStyle[sdk=iphonesimulator*]" = UIStatusBarStyleDefault;
				INFOPLIST_KEY_UISupportedInterfaceOrientations = "UIInterfaceOrientationLandscapeLeft UIInterfaceOrientationLandscapeRight UIInterfaceOrientationPortrait UIInterfaceOrientationPortraitUpsideDown";
				INFOPLIST_KEY_UISupportedInterfaceOrientations_iPad = "UIInterfaceOrientationPortrait UIInterfaceOrientationPortraitUpsideDown";
				IPHONEOS_DEPLOYMENT_TARGET = 17.0;
				LD_RUNPATH_SEARCH_PATHS = "@executable_path/Frameworks";
				"LD_RUNPATH_SEARCH_PATHS[sdk=macosx*]" = "@executable_path/../Frameworks";
				MACOSX_DEPLOYMENT_TARGET = 14.0;
				MARKETING_VERSION = 1.0;
				PRODUCT_BUNDLE_IDENTIFIER = com.GolfDeLaMarterie;
				PRODUCT_NAME = "$(TARGET_NAME)";
				SDKROOT = auto;
				SUPPORTED_PLATFORMS = "iphoneos iphonesimulator";
				SUPPORTS_MACCATALYST = NO;
				SWIFT_EMIT_LOC_STRINGS = YES;
				SWIFT_VERSION = 5.0;
				TARGETED_DEVICE_FAMILY = 1;
			};
			name = Debug;
		};
		F0817C902B6B8A25000C4937 /* Release */ = {
			isa = XCBuildConfiguration;
			buildSettings = {
				ASSETCATALOG_COMPILER_APPICON_NAME = AppIcon;
				ASSETCATALOG_COMPILER_GLOBAL_ACCENT_COLOR_NAME = AccentColor;
				CODE_SIGN_ENTITLEMENTS = GolfDeLaMarterie/GolfDeLaMarterie.entitlements;
				CODE_SIGN_STYLE = Automatic;
				CURRENT_PROJECT_VERSION = 1;
				DEAD_CODE_STRIPPING = YES;
				DEVELOPMENT_ASSET_PATHS = "";
				DEVELOPMENT_TEAM = 4PACRYHD6Z;
				ENABLE_HARDENED_RUNTIME = YES;
				ENABLE_PREVIEWS = YES;
				GENERATE_INFOPLIST_FILE = YES;
				INFOPLIST_KEY_CFBundleDisplayName = "Golf de la Marterie";
				INFOPLIST_KEY_LSApplicationCategoryType = "public.app-category.sports";
				"INFOPLIST_KEY_UIApplicationSceneManifest_Generation[sdk=iphoneos*]" = YES;
				"INFOPLIST_KEY_UIApplicationSceneManifest_Generation[sdk=iphonesimulator*]" = YES;
				"INFOPLIST_KEY_UIApplicationSupportsIndirectInputEvents[sdk=iphoneos*]" = YES;
				"INFOPLIST_KEY_UIApplicationSupportsIndirectInputEvents[sdk=iphonesimulator*]" = YES;
				"INFOPLIST_KEY_UILaunchScreen_Generation[sdk=iphoneos*]" = YES;
				"INFOPLIST_KEY_UILaunchScreen_Generation[sdk=iphonesimulator*]" = YES;
				INFOPLIST_KEY_UIRequiresFullScreen = YES;
				"INFOPLIST_KEY_UIStatusBarStyle[sdk=iphoneos*]" = UIStatusBarStyleDefault;
				"INFOPLIST_KEY_UIStatusBarStyle[sdk=iphonesimulator*]" = UIStatusBarStyleDefault;
				INFOPLIST_KEY_UISupportedInterfaceOrientations = "UIInterfaceOrientationLandscapeLeft UIInterfaceOrientationLandscapeRight UIInterfaceOrientationPortrait UIInterfaceOrientationPortraitUpsideDown";
				INFOPLIST_KEY_UISupportedInterfaceOrientations_iPad = "UIInterfaceOrientationPortrait UIInterfaceOrientationPortraitUpsideDown";
				IPHONEOS_DEPLOYMENT_TARGET = 17.0;
				LD_RUNPATH_SEARCH_PATHS = "@executable_path/Frameworks";
				"LD_RUNPATH_SEARCH_PATHS[sdk=macosx*]" = "@executable_path/../Frameworks";
				MACOSX_DEPLOYMENT_TARGET = 14.0;
				MARKETING_VERSION = 1.0;
				PRODUCT_BUNDLE_IDENTIFIER = com.GolfDeLaMarterie;
				PRODUCT_NAME = "$(TARGET_NAME)";
				SDKROOT = auto;
				SUPPORTED_PLATFORMS = "iphoneos iphonesimulator";
				SUPPORTS_MACCATALYST = NO;
				SWIFT_EMIT_LOC_STRINGS = YES;
				SWIFT_VERSION = 5.0;
				TARGETED_DEVICE_FAMILY = 1;
			};
			name = Release;
		};
		F0817C922B6B8A25000C4937 /* Debug */ = {
			isa = XCBuildConfiguration;
			buildSettings = {
				ALWAYS_EMBED_SWIFT_STANDARD_LIBRARIES = YES;
				BUNDLE_LOADER = "$(TEST_HOST)";
				CODE_SIGN_STYLE = Automatic;
				CURRENT_PROJECT_VERSION = 1;
				DEAD_CODE_STRIPPING = YES;
				DEVELOPMENT_TEAM = 4PACRYHD6Z;
				GENERATE_INFOPLIST_FILE = YES;
				IPHONEOS_DEPLOYMENT_TARGET = 17.2;
				MACOSX_DEPLOYMENT_TARGET = 14.2;
				MARKETING_VERSION = 1.0;
				PRODUCT_BUNDLE_IDENTIFIER = com.GolfDeLaMarterieTests;
				PRODUCT_NAME = "$(TARGET_NAME)";
				SDKROOT = auto;
				SUPPORTED_PLATFORMS = "iphoneos iphonesimulator";
				SUPPORTS_MACCATALYST = NO;
				SWIFT_EMIT_LOC_STRINGS = NO;
				SWIFT_VERSION = 5.0;
				TARGETED_DEVICE_FAMILY = 1;
				TEST_HOST = "$(BUILT_PRODUCTS_DIR)/GolfDeLaMarterie.app/$(BUNDLE_EXECUTABLE_FOLDER_PATH)/GolfDeLaMarterie";
			};
			name = Debug;
		};
		F0817C932B6B8A25000C4937 /* Release */ = {
			isa = XCBuildConfiguration;
			buildSettings = {
				ALWAYS_EMBED_SWIFT_STANDARD_LIBRARIES = YES;
				BUNDLE_LOADER = "$(TEST_HOST)";
				CODE_SIGN_STYLE = Automatic;
				CURRENT_PROJECT_VERSION = 1;
				DEAD_CODE_STRIPPING = YES;
				DEVELOPMENT_TEAM = 4PACRYHD6Z;
				GENERATE_INFOPLIST_FILE = YES;
				IPHONEOS_DEPLOYMENT_TARGET = 17.2;
				MACOSX_DEPLOYMENT_TARGET = 14.2;
				MARKETING_VERSION = 1.0;
				PRODUCT_BUNDLE_IDENTIFIER = com.GolfDeLaMarterieTests;
				PRODUCT_NAME = "$(TARGET_NAME)";
				SDKROOT = auto;
				SUPPORTED_PLATFORMS = "iphoneos iphonesimulator";
				SUPPORTS_MACCATALYST = NO;
				SWIFT_EMIT_LOC_STRINGS = NO;
				SWIFT_VERSION = 5.0;
				TARGETED_DEVICE_FAMILY = 1;
				TEST_HOST = "$(BUILT_PRODUCTS_DIR)/GolfDeLaMarterie.app/$(BUNDLE_EXECUTABLE_FOLDER_PATH)/GolfDeLaMarterie";
			};
			name = Release;
		};
		F0817C952B6B8A25000C4937 /* Debug */ = {
			isa = XCBuildConfiguration;
			buildSettings = {
				ALWAYS_EMBED_SWIFT_STANDARD_LIBRARIES = YES;
				CODE_SIGN_STYLE = Automatic;
				CURRENT_PROJECT_VERSION = 1;
				DEAD_CODE_STRIPPING = YES;
				DEVELOPMENT_TEAM = 4PACRYHD6Z;
				GENERATE_INFOPLIST_FILE = YES;
				IPHONEOS_DEPLOYMENT_TARGET = 17.2;
				MACOSX_DEPLOYMENT_TARGET = 14.2;
				MARKETING_VERSION = 1.0;
				PRODUCT_BUNDLE_IDENTIFIER = com.GolfDeLaMarterieUITests;
				PRODUCT_NAME = "$(TARGET_NAME)";
				SDKROOT = auto;
				SUPPORTED_PLATFORMS = "iphoneos iphonesimulator macosx";
				SWIFT_EMIT_LOC_STRINGS = NO;
				SWIFT_VERSION = 5.0;
				TARGETED_DEVICE_FAMILY = "1,2";
				TEST_TARGET_NAME = GolfDeLaMarterie;
			};
			name = Debug;
		};
		F0817C962B6B8A25000C4937 /* Release */ = {
			isa = XCBuildConfiguration;
			buildSettings = {
				ALWAYS_EMBED_SWIFT_STANDARD_LIBRARIES = YES;
				CODE_SIGN_STYLE = Automatic;
				CURRENT_PROJECT_VERSION = 1;
				DEAD_CODE_STRIPPING = YES;
				DEVELOPMENT_TEAM = 4PACRYHD6Z;
				GENERATE_INFOPLIST_FILE = YES;
				IPHONEOS_DEPLOYMENT_TARGET = 17.2;
				MACOSX_DEPLOYMENT_TARGET = 14.2;
				MARKETING_VERSION = 1.0;
				PRODUCT_BUNDLE_IDENTIFIER = com.GolfDeLaMarterieUITests;
				PRODUCT_NAME = "$(TARGET_NAME)";
				SDKROOT = auto;
				SUPPORTED_PLATFORMS = "iphoneos iphonesimulator macosx";
				SWIFT_EMIT_LOC_STRINGS = NO;
				SWIFT_VERSION = 5.0;
				TARGETED_DEVICE_FAMILY = "1,2";
				TEST_TARGET_NAME = GolfDeLaMarterie;
			};
			name = Release;
		};
/* End XCBuildConfiguration section */

/* Begin XCConfigurationList section */
		F0817C622B6B8A22000C4937 /* Build configuration list for PBXProject "GolfDeLaMarterie" */ = {
			isa = XCConfigurationList;
			buildConfigurations = (
				F0817C8C2B6B8A25000C4937 /* Debug */,
				F0817C8D2B6B8A25000C4937 /* Release */,
			);
			defaultConfigurationIsVisible = 0;
			defaultConfigurationName = Release;
		};
		F0817C8E2B6B8A25000C4937 /* Build configuration list for PBXNativeTarget "GolfDeLaMarterie" */ = {
			isa = XCConfigurationList;
			buildConfigurations = (
				F0817C8F2B6B8A25000C4937 /* Debug */,
				F0817C902B6B8A25000C4937 /* Release */,
			);
			defaultConfigurationIsVisible = 0;
			defaultConfigurationName = Release;
		};
		F0817C912B6B8A25000C4937 /* Build configuration list for PBXNativeTarget "GolfDeLaMarterieTests" */ = {
			isa = XCConfigurationList;
			buildConfigurations = (
				F0817C922B6B8A25000C4937 /* Debug */,
				F0817C932B6B8A25000C4937 /* Release */,
			);
			defaultConfigurationIsVisible = 0;
			defaultConfigurationName = Release;
		};
		F0817C942B6B8A25000C4937 /* Build configuration list for PBXNativeTarget "GolfDeLaMarterieUITests" */ = {
			isa = XCConfigurationList;
			buildConfigurations = (
				F0817C952B6B8A25000C4937 /* Debug */,
				F0817C962B6B8A25000C4937 /* Release */,
			);
			defaultConfigurationIsVisible = 0;
			defaultConfigurationName = Release;
		};
/* End XCConfigurationList section */

/* Begin XCRemoteSwiftPackageReference section */
		F08F302E2BD27BC200F84479 /* XCRemoteSwiftPackageReference "firebase-ios-sdk" */ = {
			isa = XCRemoteSwiftPackageReference;
			repositoryURL = "https://github.com/firebase/firebase-ios-sdk";
			requirement = {
				kind = upToNextMajorVersion;
				minimumVersion = 10.24.0;
			};
		};
/* End XCRemoteSwiftPackageReference section */

/* Begin XCSwiftPackageProductDependency section */
		F08F302F2BD27BC200F84479 /* FirebaseAnalytics */ = {
			isa = XCSwiftPackageProductDependency;
			package = F08F302E2BD27BC200F84479 /* XCRemoteSwiftPackageReference "firebase-ios-sdk" */;
			productName = FirebaseAnalytics;
		};
		F08F30312BD27BC200F84479 /* FirebaseAnalyticsOnDeviceConversion */ = {
			isa = XCSwiftPackageProductDependency;
			package = F08F302E2BD27BC200F84479 /* XCRemoteSwiftPackageReference "firebase-ios-sdk" */;
			productName = FirebaseAnalyticsOnDeviceConversion;
		};
		F08F30332BD27BC200F84479 /* FirebaseAnalyticsSwift */ = {
			isa = XCSwiftPackageProductDependency;
			package = F08F302E2BD27BC200F84479 /* XCRemoteSwiftPackageReference "firebase-ios-sdk" */;
			productName = FirebaseAnalyticsSwift;
		};
		F08F30352BD27BC200F84479 /* FirebaseAnalyticsWithoutAdIdSupport */ = {
			isa = XCSwiftPackageProductDependency;
			package = F08F302E2BD27BC200F84479 /* XCRemoteSwiftPackageReference "firebase-ios-sdk" */;
			productName = FirebaseAnalyticsWithoutAdIdSupport;
		};
		F08F30372BD27BC200F84479 /* FirebaseAppCheck */ = {
			isa = XCSwiftPackageProductDependency;
			package = F08F302E2BD27BC200F84479 /* XCRemoteSwiftPackageReference "firebase-ios-sdk" */;
			productName = FirebaseAppCheck;
		};
		F08F30392BD27BC200F84479 /* FirebaseAuth */ = {
			isa = XCSwiftPackageProductDependency;
			package = F08F302E2BD27BC200F84479 /* XCRemoteSwiftPackageReference "firebase-ios-sdk" */;
			productName = FirebaseAuth;
		};
		F08F303B2BD27BC200F84479 /* FirebaseAuthCombine-Community */ = {
			isa = XCSwiftPackageProductDependency;
			package = F08F302E2BD27BC200F84479 /* XCRemoteSwiftPackageReference "firebase-ios-sdk" */;
			productName = "FirebaseAuthCombine-Community";
		};
		F08F303D2BD27BC200F84479 /* FirebaseCrashlytics */ = {
			isa = XCSwiftPackageProductDependency;
			package = F08F302E2BD27BC200F84479 /* XCRemoteSwiftPackageReference "firebase-ios-sdk" */;
			productName = FirebaseCrashlytics;
		};
		F08F303F2BD27BC200F84479 /* FirebaseDatabase */ = {
			isa = XCSwiftPackageProductDependency;
			package = F08F302E2BD27BC200F84479 /* XCRemoteSwiftPackageReference "firebase-ios-sdk" */;
			productName = FirebaseDatabase;
		};
		F08F30412BD27BC200F84479 /* FirebaseDatabaseSwift */ = {
			isa = XCSwiftPackageProductDependency;
			package = F08F302E2BD27BC200F84479 /* XCRemoteSwiftPackageReference "firebase-ios-sdk" */;
			productName = FirebaseDatabaseSwift;
		};
		F08F30432BD27BC200F84479 /* FirebaseDynamicLinks */ = {
			isa = XCSwiftPackageProductDependency;
			package = F08F302E2BD27BC200F84479 /* XCRemoteSwiftPackageReference "firebase-ios-sdk" */;
			productName = FirebaseDynamicLinks;
		};
		F08F30452BD27BC200F84479 /* FirebaseFirestore */ = {
			isa = XCSwiftPackageProductDependency;
			package = F08F302E2BD27BC200F84479 /* XCRemoteSwiftPackageReference "firebase-ios-sdk" */;
			productName = FirebaseFirestore;
		};
		F08F30472BD27BC200F84479 /* FirebaseFirestoreCombine-Community */ = {
			isa = XCSwiftPackageProductDependency;
			package = F08F302E2BD27BC200F84479 /* XCRemoteSwiftPackageReference "firebase-ios-sdk" */;
			productName = "FirebaseFirestoreCombine-Community";
		};
		F08F30492BD27BC200F84479 /* FirebaseFirestoreSwift */ = {
			isa = XCSwiftPackageProductDependency;
			package = F08F302E2BD27BC200F84479 /* XCRemoteSwiftPackageReference "firebase-ios-sdk" */;
			productName = FirebaseFirestoreSwift;
		};
		F08F304B2BD27BC200F84479 /* FirebasePerformance */ = {
			isa = XCSwiftPackageProductDependency;
			package = F08F302E2BD27BC200F84479 /* XCRemoteSwiftPackageReference "firebase-ios-sdk" */;
			productName = FirebasePerformance;
		};
		F08F304D2BD27BC200F84479 /* FirebaseStorage */ = {
			isa = XCSwiftPackageProductDependency;
			package = F08F302E2BD27BC200F84479 /* XCRemoteSwiftPackageReference "firebase-ios-sdk" */;
			productName = FirebaseStorage;
		};
		F08F304F2BD27BC200F84479 /* FirebaseStorageCombine-Community */ = {
			isa = XCSwiftPackageProductDependency;
			package = F08F302E2BD27BC200F84479 /* XCRemoteSwiftPackageReference "firebase-ios-sdk" */;
			productName = "FirebaseStorageCombine-Community";
		};
/* End XCSwiftPackageProductDependency section */
	};
	rootObject = F0817C5F2B6B8A22000C4937 /* Project object */;
}
